// !$*UTF8*$!
{
	archiveVersion = 1;
	classes = {
	};
	objectVersion = 77;
	objects = {

/* Begin PBXBuildFile section */
		0507B56B2E37E066000E119C /* WatchConnectivityManager.swift in Sources */ = {isa = PBXBuildFile; fileRef = BF9199962E3405430056E0E7 /* WatchConnectivityManager.swift */; };
		0507B6222E37FD2C000E119C /* sunscreen_uv_info.json in Resources */ = {isa = PBXBuildFile; fileRef = 0507B6212E37FD2C000E119C /* sunscreen_uv_info.json */; };
		802AB1CA2E37191D0006476F /* SyncUVDataInBackgroundUseCase.swift in Sources */ = {isa = PBXBuildFile; fileRef = 802AB1C92E37191D0006476F /* SyncUVDataInBackgroundUseCase.swift */; };
		802AB2BC2E3753C60006476F /* SendUVIndexNotificationUseCase.swift in Sources */ = {isa = PBXBuildFile; fileRef = 802AB2BB2E3753C60006476F /* SendUVIndexNotificationUseCase.swift */; };
		8080F1572E20A0190094719D /* TarTanningWatch Watch App.app in Embed Watch Content */ = {isa = PBXBuildFile; fileRef = 8080F14A2E20A0180094719D /* TarTanningWatch Watch App.app */; settings = {ATTRIBUTES = (RemoveHeadersOnCopy, ); }; };
		8080F15F2E20A0740094719D /* .swiftlint.yml in Resources */ = {isa = PBXBuildFile; fileRef = 8080F15E2E20A0740094719D /* .swiftlint.yml */; };
		BF28E1C92E39C4C800D089C9 /* TimerSPFManager.swift in Sources */ = {isa = PBXBuildFile; fileRef = BF28E1C82E39C4C800D089C9 /* TimerSPFManager.swift */; };
		BF28E1CA2E39C4C800D089C9 /* TimerSPFManager.swift in Sources */ = {isa = PBXBuildFile; fileRef = BF28E1C82E39C4C800D089C9 /* TimerSPFManager.swift */; };
		BF55D6BB2E352AD800074104 /* GetWeatherDataUseCase.swift in Sources */ = {isa = PBXBuildFile; fileRef = BF55D6B92E352AD800074104 /* GetWeatherDataUseCase.swift */; };
		BF55D6BC2E352AD800074104 /* SyncWeatherDataUseCase.swift in Sources */ = {isa = PBXBuildFile; fileRef = BF55D6BA2E352AD800074104 /* SyncWeatherDataUseCase.swift */; };
		BF55D6FE2E35345400074104 /* GetUserProfileUseCase.swift in Sources */ = {isa = PBXBuildFile; fileRef = BF55D6FD2E35345400074104 /* GetUserProfileUseCase.swift */; };
		BF55D7002E35345C00074104 /* UpdateUserProfileUseCase.swift in Sources */ = {isa = PBXBuildFile; fileRef = BF55D6FF2E35345C00074104 /* UpdateUserProfileUseCase.swift */; };
		BF55D7032E353BA500074104 /* CalculateAndSaveUVDoseUseCase.swift in Sources */ = {isa = PBXBuildFile; fileRef = BF55D7012E353BA500074104 /* CalculateAndSaveUVDoseUseCase.swift */; };
		BF55D7042E353BA500074104 /* SyncUVDataFromHealthKitUseCase.swift in Sources */ = {isa = PBXBuildFile; fileRef = BF55D7022E353BA500074104 /* SyncUVDataFromHealthKitUseCase.swift */; };
		BF55DA0C2E3716AA00074104 /* MainView.swift in Sources */ = {isa = PBXBuildFile; fileRef = BF55DA0B2E3716AA00074104 /* MainView.swift */; };
		BF55DBFE2E38F21200074104 /* SunscreenInfoModel.swift in Sources */ = {isa = PBXBuildFile; fileRef = BF55DBFC2E38F21200074104 /* SunscreenInfoModel.swift */; };
		BF91999D2E3405430056E0E7 /* AppDelegate.swift in Sources */ = {isa = PBXBuildFile; fileRef = BF9198DC2E3405430056E0E7 /* AppDelegate.swift */; };
		BF91999E2E3405430056E0E7 /* NavigationRouter.swift in Sources */ = {isa = PBXBuildFile; fileRef = BF9198DD2E3405430056E0E7 /* NavigationRouter.swift */; };
		BF91999F2E3405430056E0E7 /* Route.swift in Sources */ = {isa = PBXBuildFile; fileRef = BF9198DE2E3405430056E0E7 /* Route.swift */; };
		BF9199A02E3405430056E0E7 /* TarTanningApp.swift in Sources */ = {isa = PBXBuildFile; fileRef = BF9198DF2E3405430056E0E7 /* TarTanningApp.swift */; };
		BF9199A22E3405430056E0E7 /* Date+Extension.swift in Sources */ = {isa = PBXBuildFile; fileRef = BF9198E22E3405430056E0E7 /* Date+Extension.swift */; };
		BF9199A32E3405430056E0E7 /* HealthKitAuthStatus.swift in Sources */ = {isa = PBXBuildFile; fileRef = BF9198E52E3405430056E0E7 /* HealthKitAuthStatus.swift */; };
		BF9199A42E3405430056E0E7 /* HealthKitError.swift in Sources */ = {isa = PBXBuildFile; fileRef = BF9198E62E3405430056E0E7 /* HealthKitError.swift */; };
		BF9199A52E3405430056E0E7 /* HealthKitAuthorizationManager.swift in Sources */ = {isa = PBXBuildFile; fileRef = BF9198E82E3405430056E0E7 /* HealthKitAuthorizationManager.swift */; };
		BF9199A62E3405430056E0E7 /* HealthKitBackgroundManager.swift in Sources */ = {isa = PBXBuildFile; fileRef = BF9198E92E3405430056E0E7 /* HealthKitBackgroundManager.swift */; };
		BF9199A72E3405430056E0E7 /* HealthKitDataQueryManager.swift in Sources */ = {isa = PBXBuildFile; fileRef = BF9198EA2E3405430056E0E7 /* HealthKitDataQueryManager.swift */; };
		BF9199A82E3405430056E0E7 /* HealthKitQueryFetchManager.swift in Sources */ = {isa = PBXBuildFile; fileRef = BF9198EB2E3405430056E0E7 /* HealthKitQueryFetchManager.swift */; };
		BF9199A92E3405430056E0E7 /* HealthKitQueryManager.swift in Sources */ = {isa = PBXBuildFile; fileRef = BF9198EC2E3405430056E0E7 /* HealthKitQueryManager.swift */; };
		BF9199AA2E3405430056E0E7 /* LocationAuthStatus.swift in Sources */ = {isa = PBXBuildFile; fileRef = BF9198EE2E3405430056E0E7 /* LocationAuthStatus.swift */; };
		BF9199AB2E3405430056E0E7 /* LocationError.swift in Sources */ = {isa = PBXBuildFile; fileRef = BF9198EF2E3405430056E0E7 /* LocationError.swift */; };
		BF9199AC2E3405430056E0E7 /* LocationAuthorizationManager.swift in Sources */ = {isa = PBXBuildFile; fileRef = BF9198F12E3405430056E0E7 /* LocationAuthorizationManager.swift */; };
		BF9199AD2E3405430056E0E7 /* LocationUpdateManager.swift in Sources */ = {isa = PBXBuildFile; fileRef = BF9198F22E3405430056E0E7 /* LocationUpdateManager.swift */; };
		BF9199AE2E3405430056E0E7 /* NotificationAuthStatus.swift in Sources */ = {isa = PBXBuildFile; fileRef = BF9198F42E3405430056E0E7 /* NotificationAuthStatus.swift */; };
		BF9199AF2E3405430056E0E7 /* NotificationAuthorizationManager.swift in Sources */ = {isa = PBXBuildFile; fileRef = BF9198F62E3405430056E0E7 /* NotificationAuthorizationManager.swift */; };
		BF9199B02E3405430056E0E7 /* LocationManager.swift in Sources */ = {isa = PBXBuildFile; fileRef = BF9198F82E3405430056E0E7 /* LocationManager.swift */; };
		BF9199B12E3405430056E0E7 /* WeatherKitManager.swift in Sources */ = {isa = PBXBuildFile; fileRef = BF9198F92E3405430056E0E7 /* WeatherKitManager.swift */; };
		BF9199B22E3405430056E0E7 /* LocationInfo.swift in Sources */ = {isa = PBXBuildFile; fileRef = BF9198FB2E3405430056E0E7 /* LocationInfo.swift */; };
		BF9199B32E3405430056E0E7 /* SunScreenInfo.swift in Sources */ = {isa = PBXBuildFile; fileRef = BF9198FD2E3405430056E0E7 /* SunScreenInfo.swift */; };
		BF9199B42E3405430056E0E7 /* SkinType.swift in Sources */ = {isa = PBXBuildFile; fileRef = BF9198FF2E3405430056E0E7 /* SkinType.swift */; };
		BF9199B52E3405430056E0E7 /* SPFLevel.swift in Sources */ = {isa = PBXBuildFile; fileRef = BF9199002E3405430056E0E7 /* SPFLevel.swift */; };
		BF9199B62E3405430056E0E7 /* UserProfile.swift in Sources */ = {isa = PBXBuildFile; fileRef = BF9199012E3405430056E0E7 /* UserProfile.swift */; };
		BF9199B72E3405430056E0E7 /* DailyUVExpose.swift in Sources */ = {isa = PBXBuildFile; fileRef = BF9199032E3405430056E0E7 /* DailyUVExpose.swift */; };
		BF9199B82E3405430056E0E7 /* UVExposeRecord.swift in Sources */ = {isa = PBXBuildFile; fileRef = BF9199042E3405430056E0E7 /* UVExposeRecord.swift */; };
		BF9199B92E3405430056E0E7 /* HourlyWeather.swift in Sources */ = {isa = PBXBuildFile; fileRef = BF9199062E3405430056E0E7 /* HourlyWeather.swift */; };
		BF9199BA2E3405430056E0E7 /* LocationWeather.swift in Sources */ = {isa = PBXBuildFile; fileRef = BF9199072E3405430056E0E7 /* LocationWeather.swift */; };
		BF9199BB2E3405430056E0E7 /* DashboardInfoView.swift in Sources */ = {isa = PBXBuildFile; fileRef = BF91990A2E3405430056E0E7 /* DashboardInfoView.swift */; };
		BF9199BC2E3405430056E0E7 /* DashboardSummaryMetricsView.swift in Sources */ = {isa = PBXBuildFile; fileRef = BF91990B2E3405430056E0E7 /* DashboardSummaryMetricsView.swift */; };
		BF9199BD2E3405430056E0E7 /* DashboardTimerView.swift in Sources */ = {isa = PBXBuildFile; fileRef = BF91990C2E3405430056E0E7 /* DashboardTimerView.swift */; };
		BF9199BE2E3405430056E0E7 /* DashboardTitleView.swift in Sources */ = {isa = PBXBuildFile; fileRef = BF91990D2E3405430056E0E7 /* DashboardTitleView.swift */; };
		BF9199BF2E3405430056E0E7 /* DashboardUVDoseView.swift in Sources */ = {isa = PBXBuildFile; fileRef = BF91990E2E3405430056E0E7 /* DashboardUVDoseView.swift */; };
		BF9199C02E3405430056E0E7 /* DashboardUVProgressView.swift in Sources */ = {isa = PBXBuildFile; fileRef = BF91990F2E3405430056E0E7 /* DashboardUVProgressView.swift */; };
		BF9199C12E3405430056E0E7 /* DashboardWeeklySummaryView.swift in Sources */ = {isa = PBXBuildFile; fileRef = BF9199102E3405430056E0E7 /* DashboardWeeklySummaryView.swift */; };
		BF9199C22E3405430056E0E7 /* DashboardView.swift in Sources */ = {isa = PBXBuildFile; fileRef = BF9199122E3405430056E0E7 /* DashboardView.swift */; };
		BF9199C32E3405430056E0E7 /* DashboardInfoViewModel.swift in Sources */ = {isa = PBXBuildFile; fileRef = BF9199142E3405430056E0E7 /* DashboardInfoViewModel.swift */; };
		BF9199C42E3405430056E0E7 /* DashboardViewModel.swift in Sources */ = {isa = PBXBuildFile; fileRef = BF9199152E3405430056E0E7 /* DashboardViewModel.swift */; };
		BF9199C52E3405430056E0E7 /* ButtonStyleType.swift in Sources */ = {isa = PBXBuildFile; fileRef = BF9199182E3405430056E0E7 /* ButtonStyleType.swift */; };
		BF9199C62E3405430056E0E7 /* InfoItem.swift in Sources */ = {isa = PBXBuildFile; fileRef = BF9199192E3405430056E0E7 /* InfoItem.swift */; };
		BF9199C72E3405430056E0E7 /* OnboardingButton.swift in Sources */ = {isa = PBXBuildFile; fileRef = BF91991A2E3405430056E0E7 /* OnboardingButton.swift */; };
		BF9199C82E3405430056E0E7 /* SkinTypeItem.swift in Sources */ = {isa = PBXBuildFile; fileRef = BF91991B2E3405430056E0E7 /* SkinTypeItem.swift */; };
		BF9199C92E3405430056E0E7 /* OnboardingStep.swift in Sources */ = {isa = PBXBuildFile; fileRef = BF91991D2E3405430056E0E7 /* OnboardingStep.swift */; };
		BF9199CA2E3405430056E0E7 /* OnboardingPermissionInfoView.swift in Sources */ = {isa = PBXBuildFile; fileRef = BF91991F2E3405430056E0E7 /* OnboardingPermissionInfoView.swift */; };
		BF9199CB2E3405430056E0E7 /* OnboardingSkinTypeDetailView.swift in Sources */ = {isa = PBXBuildFile; fileRef = BF9199202E3405430056E0E7 /* OnboardingSkinTypeDetailView.swift */; };
		BF9199CC2E3405430056E0E7 /* OnboardingSkinTypeView.swift in Sources */ = {isa = PBXBuildFile; fileRef = BF9199212E3405430056E0E7 /* OnboardingSkinTypeView.swift */; };
		BF9199CD2E3405430056E0E7 /* OnboardingStartView.swift in Sources */ = {isa = PBXBuildFile; fileRef = BF9199222E3405430056E0E7 /* OnboardingStartView.swift */; };
		BF9199CE2E3405430056E0E7 /* OnboardingWatchCheckView.swift in Sources */ = {isa = PBXBuildFile; fileRef = BF9199232E3405430056E0E7 /* OnboardingWatchCheckView.swift */; };
		BF9199CF2E3405430056E0E7 /* OnboardingViewModel.swift in Sources */ = {isa = PBXBuildFile; fileRef = BF9199252E3405430056E0E7 /* OnboardingViewModel.swift */; };
		BF9199D02E3405430056E0E7 /* OnboardingView.swift in Sources */ = {isa = PBXBuildFile; fileRef = BF9199272E3405430056E0E7 /* OnboardingView.swift */; };
		BF9199D12E3405430056E0E7 /* RootView.swift in Sources */ = {isa = PBXBuildFile; fileRef = BF9199292E3405430056E0E7 /* RootView.swift */; };
		BF9199D22E3405430056E0E7 /* PermissionRow.swift in Sources */ = {isa = PBXBuildFile; fileRef = BF91992B2E3405430056E0E7 /* PermissionRow.swift */; };
		BF9199D32E3405430056E0E7 /* UserInfoRow.swift in Sources */ = {isa = PBXBuildFile; fileRef = BF91992C2E3405430056E0E7 /* UserInfoRow.swift */; };
		BF9199D42E3405430056E0E7 /* SettingView.swift in Sources */ = {isa = PBXBuildFile; fileRef = BF91992E2E3405430056E0E7 /* SettingView.swift */; };
		BF9199D52E3405430056E0E7 /* SettingViewModel.swift in Sources */ = {isa = PBXBuildFile; fileRef = BF9199302E3405430056E0E7 /* SettingViewModel.swift */; };
		BF9199D62E3405430056E0E7 /* HealthKitTestView.swift in Sources */ = {isa = PBXBuildFile; fileRef = BF9199332E3405430056E0E7 /* HealthKitTestView.swift */; };
		BF9199D72E3405430056E0E7 /* HealthKitTestViewModel.swift in Sources */ = {isa = PBXBuildFile; fileRef = BF9199352E3405430056E0E7 /* HealthKitTestViewModel.swift */; };
		BF9199D82E3405430056E0E7 /* LocationView.swift in Sources */ = {isa = PBXBuildFile; fileRef = BF9199382E3405430056E0E7 /* LocationView.swift */; };
		BF9199D92E3405430056E0E7 /* LocationViewModel.swift in Sources */ = {isa = PBXBuildFile; fileRef = BF91993A2E3405430056E0E7 /* LocationViewModel.swift */; };
		BF9199DA2E3405430056E0E7 /* TestLocationView.swift in Sources */ = {isa = PBXBuildFile; fileRef = BF91993C2E3405430056E0E7 /* TestLocationView.swift */; };
		BF9199DB2E3405430056E0E7 /* TestLocationViewModel.swift in Sources */ = {isa = PBXBuildFile; fileRef = BF91993D2E3405430056E0E7 /* TestLocationViewModel.swift */; };
		BF9199DE2E3405430056E0E7 /* NotificationAuthTestView.swift in Sources */ = {isa = PBXBuildFile; fileRef = BF9199442E3405430056E0E7 /* NotificationAuthTestView.swift */; };
		BF9199DF2E3405430056E0E7 /* NotificationAuthTestViewModel.swift in Sources */ = {isa = PBXBuildFile; fileRef = BF9199452E3405430056E0E7 /* NotificationAuthTestViewModel.swift */; };
		BF9199E02E3405430056E0E7 /* PhoneSyncTestView.swift in Sources */ = {isa = PBXBuildFile; fileRef = BF9199472E3405430056E0E7 /* PhoneSyncTestView.swift */; };
		BF9199E12E3405430056E0E7 /* TimerView.swift in Sources */ = {isa = PBXBuildFile; fileRef = BF9199492E3405430056E0E7 /* TimerView.swift */; };
		BF9199F12E3405430056E0E7 /* ScheduleSunscreenReminderUseCase.swift in Sources */ = {isa = PBXBuildFile; fileRef = BF91996A2E3405430056E0E7 /* ScheduleSunscreenReminderUseCase.swift */; };
		BF9199F22E3405430056E0E7 /* SendUVWarningNotificationUseCase.swift in Sources */ = {isa = PBXBuildFile; fileRef = BF91996B2E3405430056E0E7 /* SendUVWarningNotificationUseCase.swift */; };
		BF9199F32E3405430056E0E7 /* RequestAllPermissionsUseCase.swift in Sources */ = {isa = PBXBuildFile; fileRef = BF91996D2E3405430056E0E7 /* RequestAllPermissionsUseCase.swift */; };
		BF9199F42E3405430056E0E7 /* ValidatePermissionStatusUseCase.swift in Sources */ = {isa = PBXBuildFile; fileRef = BF91996E2E3405430056E0E7 /* ValidatePermissionStatusUseCase.swift */; };
		BF9199F62E3405430056E0E7 /* SyncTimerStateUseCase.swift in Sources */ = {isa = PBXBuildFile; fileRef = BF9199712E3405430056E0E7 /* SyncTimerStateUseCase.swift */; };
		BF9199FA2E3405430056E0E7 /* GetTodayUVExposureUseCase.swift in Sources */ = {isa = PBXBuildFile; fileRef = BF9199772E3405430056E0E7 /* GetTodayUVExposureUseCase.swift */; };
		BF9199FB2E3405430056E0E7 /* GetWeeklyUVTrendUseCase.swift in Sources */ = {isa = PBXBuildFile; fileRef = BF9199782E3405430056E0E7 /* GetWeeklyUVTrendUseCase.swift */; };
		BF9199FC2E3405430056E0E7 /* MEDCalculator.swift in Sources */ = {isa = PBXBuildFile; fileRef = BF9199792E3405430056E0E7 /* MEDCalculator.swift */; };
		BF9199FF2E3405430056E0E7 /* NotificationActionType.swift in Sources */ = {isa = PBXBuildFile; fileRef = BF91997F2E3405430056E0E7 /* NotificationActionType.swift */; };
		BF919A002E3405430056E0E7 /* LocalNotificationError.swift in Sources */ = {isa = PBXBuildFile; fileRef = BF9199812E3405430056E0E7 /* LocalNotificationError.swift */; };
		BF919A012E3405430056E0E7 /* LocalNotificationManager.swift in Sources */ = {isa = PBXBuildFile; fileRef = BF9199822E3405430056E0E7 /* LocalNotificationManager.swift */; };
		BF919A022E3405430056E0E7 /* NotificationCategoryType.swift in Sources */ = {isa = PBXBuildFile; fileRef = BF9199832E3405430056E0E7 /* NotificationCategoryType.swift */; };
		BF919A032E3405430056E0E7 /* NotificationContentType.swift in Sources */ = {isa = PBXBuildFile; fileRef = BF9199842E3405430056E0E7 /* NotificationContentType.swift */; };
		BF919A042E3405430056E0E7 /* NotificationScheduler.swift in Sources */ = {isa = PBXBuildFile; fileRef = BF9199852E3405430056E0E7 /* NotificationScheduler.swift */; };
		BF919A052E3405430056E0E7 /* TimeInterval+String.swift in Sources */ = {isa = PBXBuildFile; fileRef = BF9199872E3405430056E0E7 /* TimeInterval+String.swift */; };
		BF919A062E3405430056E0E7 /* TimerNotificationManager.swift in Sources */ = {isa = PBXBuildFile; fileRef = BF9199892E3405430056E0E7 /* TimerNotificationManager.swift */; };
		BF919A072E3405430056E0E7 /* TimerSyncManager.swift in Sources */ = {isa = PBXBuildFile; fileRef = BF91998A2E3405430056E0E7 /* TimerSyncManager.swift */; };
		BF919A082E3405430056E0E7 /* TimerState.swift in Sources */ = {isa = PBXBuildFile; fileRef = BF91998C2E3405430056E0E7 /* TimerState.swift */; };
		BF919A092E3405430056E0E7 /* TimerInfo.swift in Sources */ = {isa = PBXBuildFile; fileRef = BF91998E2E3405430056E0E7 /* TimerInfo.swift */; };
		BF919A0A2E3405430056E0E7 /* TimerMessage.swift in Sources */ = {isa = PBXBuildFile; fileRef = BF91998F2E3405430056E0E7 /* TimerMessage.swift */; };
		BF919A0B2E3405430056E0E7 /* TimerStorage.swift in Sources */ = {isa = PBXBuildFile; fileRef = BF9199902E3405430056E0E7 /* TimerStorage.swift */; };
		BF919A0C2E3405430056E0E7 /* SunscreenViewModel.swift in Sources */ = {isa = PBXBuildFile; fileRef = BF9199922E3405430056E0E7 /* SunscreenViewModel.swift */; };
		BF919A0D2E3405430056E0E7 /* TimerViewModel.swift in Sources */ = {isa = PBXBuildFile; fileRef = BF9199932E3405430056E0E7 /* TimerViewModel.swift */; };
		BF919A0E2E3405430056E0E7 /* WatchConnectivityManager.swift in Sources */ = {isa = PBXBuildFile; fileRef = BF9199962E3405430056E0E7 /* WatchConnectivityManager.swift */; };
		BF919A0F2E3405430056E0E7 /* Preview Assets.xcassets in Resources */ = {isa = PBXBuildFile; fileRef = BF9199522E3405430056E0E7 /* Preview Assets.xcassets */; };
		BF919A102E3405430056E0E7 /* Assets.xcassets in Resources */ = {isa = PBXBuildFile; fileRef = BF9199542E3405430056E0E7 /* Assets.xcassets */; };
		BF919A122E3405430056E0E7 /* TimerMessage.swift in Sources */ = {isa = PBXBuildFile; fileRef = BF91998F2E3405430056E0E7 /* TimerMessage.swift */; };
		BF919A142E3405430056E0E7 /* NotificationActionType.swift in Sources */ = {isa = PBXBuildFile; fileRef = BF91997F2E3405430056E0E7 /* NotificationActionType.swift */; };
		BF919A152E3405430056E0E7 /* TimerViewModel.swift in Sources */ = {isa = PBXBuildFile; fileRef = BF9199932E3405430056E0E7 /* TimerViewModel.swift */; };
		BF919A162E3405430056E0E7 /* TimerInfo.swift in Sources */ = {isa = PBXBuildFile; fileRef = BF91998E2E3405430056E0E7 /* TimerInfo.swift */; };
		BF919A172E3405430056E0E7 /* TimerNotificationManager.swift in Sources */ = {isa = PBXBuildFile; fileRef = BF9199892E3405430056E0E7 /* TimerNotificationManager.swift */; };
		BF919A182E3405430056E0E7 /* LocalNotificationManager.swift in Sources */ = {isa = PBXBuildFile; fileRef = BF9199822E3405430056E0E7 /* LocalNotificationManager.swift */; };
		BF919A192E3405430056E0E7 /* NotificationCategoryType.swift in Sources */ = {isa = PBXBuildFile; fileRef = BF9199832E3405430056E0E7 /* NotificationCategoryType.swift */; };
		BF919A1A2E3405430056E0E7 /* NotificationContentType.swift in Sources */ = {isa = PBXBuildFile; fileRef = BF9199842E3405430056E0E7 /* NotificationContentType.swift */; };
		BF919A1B2E3405430056E0E7 /* TimerState.swift in Sources */ = {isa = PBXBuildFile; fileRef = BF91998C2E3405430056E0E7 /* TimerState.swift */; };
		BF919A1C2E3405430056E0E7 /* TimerStorage.swift in Sources */ = {isa = PBXBuildFile; fileRef = BF9199902E3405430056E0E7 /* TimerStorage.swift */; };
		BF919A1D2E3405430056E0E7 /* SunscreenViewModel.swift in Sources */ = {isa = PBXBuildFile; fileRef = BF9199922E3405430056E0E7 /* SunscreenViewModel.swift */; };
		BF919A1E2E3405430056E0E7 /* TimerSyncManager.swift in Sources */ = {isa = PBXBuildFile; fileRef = BF91998A2E3405430056E0E7 /* TimerSyncManager.swift */; };
		BF919A1F2E3405430056E0E7 /* LocalNotificationError.swift in Sources */ = {isa = PBXBuildFile; fileRef = BF9199812E3405430056E0E7 /* LocalNotificationError.swift */; };
		BF919A202E3405430056E0E7 /* NotificationScheduler.swift in Sources */ = {isa = PBXBuildFile; fileRef = BF9199852E3405430056E0E7 /* NotificationScheduler.swift */; };
		BF919A212E3405430056E0E7 /* TimeInterval+String.swift in Sources */ = {isa = PBXBuildFile; fileRef = BF9199872E3405430056E0E7 /* TimeInterval+String.swift */; };
		BF919A2A2E34096C0056E0E7 /* UserDefaultManager.swift in Sources */ = {isa = PBXBuildFile; fileRef = BF919A292E34096C0056E0E7 /* UserDefaultManager.swift */; };
		BF919A742E34C25A0056E0E7 /* WeatherManagerError.swift in Sources */ = {isa = PBXBuildFile; fileRef = BF919A732E34C25A0056E0E7 /* WeatherManagerError.swift */; };
/* End PBXBuildFile section */

/* Begin PBXContainerItemProxy section */
		8080F1552E20A0190094719D /* PBXContainerItemProxy */ = {
			isa = PBXContainerItemProxy;
			containerPortal = 8080F1242E209F860094719D /* Project object */;
			proxyType = 1;
			remoteGlobalIDString = 8080F1492E20A0180094719D;
			remoteInfo = "TarTanningWatch Watch App";
		};
/* End PBXContainerItemProxy section */

/* Begin PBXCopyFilesBuildPhase section */
		8080F1582E20A0190094719D /* Embed Watch Content */ = {
			isa = PBXCopyFilesBuildPhase;
			buildActionMask = 2147483647;
			dstPath = "$(CONTENTS_FOLDER_PATH)/Watch";
			dstSubfolderSpec = 16;
			files = (
				8080F1572E20A0190094719D /* TarTanningWatch Watch App.app in Embed Watch Content */,
			);
			name = "Embed Watch Content";
			runOnlyForDeploymentPostprocessing = 0;
		};
/* End PBXCopyFilesBuildPhase section */

/* Begin PBXFileReference section */
		0507B6212E37FD2C000E119C /* sunscreen_uv_info.json */ = {isa = PBXFileReference; lastKnownFileType = text.json; path = sunscreen_uv_info.json; sourceTree = "<group>"; };
		802AB1C92E37191D0006476F /* SyncUVDataInBackgroundUseCase.swift */ = {isa = PBXFileReference; lastKnownFileType = sourcecode.swift; path = SyncUVDataInBackgroundUseCase.swift; sourceTree = "<group>"; };
		802AB2BB2E3753C60006476F /* SendUVIndexNotificationUseCase.swift */ = {isa = PBXFileReference; lastKnownFileType = sourcecode.swift; path = SendUVIndexNotificationUseCase.swift; sourceTree = "<group>"; };
		8080F12C2E209F860094719D /* TarTanning.app */ = {isa = PBXFileReference; explicitFileType = wrapper.application; includeInIndex = 0; path = TarTanning.app; sourceTree = BUILT_PRODUCTS_DIR; };
		8080F14A2E20A0180094719D /* TarTanningWatch Watch App.app */ = {isa = PBXFileReference; explicitFileType = wrapper.application; includeInIndex = 0; path = "TarTanningWatch Watch App.app"; sourceTree = BUILT_PRODUCTS_DIR; };
		8080F15E2E20A0740094719D /* .swiftlint.yml */ = {isa = PBXFileReference; lastKnownFileType = text.yaml; path = .swiftlint.yml; sourceTree = "<group>"; };
		BF28E1C82E39C4C800D089C9 /* TimerSPFManager.swift */ = {isa = PBXFileReference; lastKnownFileType = sourcecode.swift; path = TimerSPFManager.swift; sourceTree = "<group>"; };
		BF55D6B92E352AD800074104 /* GetWeatherDataUseCase.swift */ = {isa = PBXFileReference; lastKnownFileType = sourcecode.swift; path = GetWeatherDataUseCase.swift; sourceTree = "<group>"; };
		BF55D6BA2E352AD800074104 /* SyncWeatherDataUseCase.swift */ = {isa = PBXFileReference; lastKnownFileType = sourcecode.swift; path = SyncWeatherDataUseCase.swift; sourceTree = "<group>"; };
		BF55D6FD2E35345400074104 /* GetUserProfileUseCase.swift */ = {isa = PBXFileReference; lastKnownFileType = sourcecode.swift; path = GetUserProfileUseCase.swift; sourceTree = "<group>"; };
		BF55D6FF2E35345C00074104 /* UpdateUserProfileUseCase.swift */ = {isa = PBXFileReference; lastKnownFileType = sourcecode.swift; path = UpdateUserProfileUseCase.swift; sourceTree = "<group>"; };
		BF55D7012E353BA500074104 /* CalculateAndSaveUVDoseUseCase.swift */ = {isa = PBXFileReference; lastKnownFileType = sourcecode.swift; path = CalculateAndSaveUVDoseUseCase.swift; sourceTree = "<group>"; };
		BF55D7022E353BA500074104 /* SyncUVDataFromHealthKitUseCase.swift */ = {isa = PBXFileReference; lastKnownFileType = sourcecode.swift; path = SyncUVDataFromHealthKitUseCase.swift; sourceTree = "<group>"; };
		BF55DA0B2E3716AA00074104 /* MainView.swift */ = {isa = PBXFileReference; lastKnownFileType = sourcecode.swift; path = MainView.swift; sourceTree = "<group>"; };
		BF55DBFC2E38F21200074104 /* SunscreenInfoModel.swift */ = {isa = PBXFileReference; lastKnownFileType = sourcecode.swift; path = SunscreenInfoModel.swift; sourceTree = "<group>"; };
		BF9198DC2E3405430056E0E7 /* AppDelegate.swift */ = {isa = PBXFileReference; lastKnownFileType = sourcecode.swift; path = AppDelegate.swift; sourceTree = "<group>"; };
		BF9198DD2E3405430056E0E7 /* NavigationRouter.swift */ = {isa = PBXFileReference; lastKnownFileType = sourcecode.swift; path = NavigationRouter.swift; sourceTree = "<group>"; };
		BF9198DE2E3405430056E0E7 /* Route.swift */ = {isa = PBXFileReference; lastKnownFileType = sourcecode.swift; path = Route.swift; sourceTree = "<group>"; };
		BF9198DF2E3405430056E0E7 /* TarTanningApp.swift */ = {isa = PBXFileReference; lastKnownFileType = sourcecode.swift; path = TarTanningApp.swift; sourceTree = "<group>"; };
		BF9198E22E3405430056E0E7 /* Date+Extension.swift */ = {isa = PBXFileReference; lastKnownFileType = sourcecode.swift; path = "Date+Extension.swift"; sourceTree = "<group>"; };
		BF9198E52E3405430056E0E7 /* HealthKitAuthStatus.swift */ = {isa = PBXFileReference; lastKnownFileType = sourcecode.swift; path = HealthKitAuthStatus.swift; sourceTree = "<group>"; };
		BF9198E62E3405430056E0E7 /* HealthKitError.swift */ = {isa = PBXFileReference; lastKnownFileType = sourcecode.swift; path = HealthKitError.swift; sourceTree = "<group>"; };
		BF9198E82E3405430056E0E7 /* HealthKitAuthorizationManager.swift */ = {isa = PBXFileReference; lastKnownFileType = sourcecode.swift; path = HealthKitAuthorizationManager.swift; sourceTree = "<group>"; };
		BF9198E92E3405430056E0E7 /* HealthKitBackgroundManager.swift */ = {isa = PBXFileReference; lastKnownFileType = sourcecode.swift; path = HealthKitBackgroundManager.swift; sourceTree = "<group>"; };
		BF9198EA2E3405430056E0E7 /* HealthKitDataQueryManager.swift */ = {isa = PBXFileReference; lastKnownFileType = sourcecode.swift; path = HealthKitDataQueryManager.swift; sourceTree = "<group>"; };
		BF9198EB2E3405430056E0E7 /* HealthKitQueryFetchManager.swift */ = {isa = PBXFileReference; lastKnownFileType = sourcecode.swift; path = HealthKitQueryFetchManager.swift; sourceTree = "<group>"; };
		BF9198EC2E3405430056E0E7 /* HealthKitQueryManager.swift */ = {isa = PBXFileReference; lastKnownFileType = sourcecode.swift; path = HealthKitQueryManager.swift; sourceTree = "<group>"; };
		BF9198EE2E3405430056E0E7 /* LocationAuthStatus.swift */ = {isa = PBXFileReference; lastKnownFileType = sourcecode.swift; path = LocationAuthStatus.swift; sourceTree = "<group>"; };
		BF9198EF2E3405430056E0E7 /* LocationError.swift */ = {isa = PBXFileReference; lastKnownFileType = sourcecode.swift; path = LocationError.swift; sourceTree = "<group>"; };
		BF9198F12E3405430056E0E7 /* LocationAuthorizationManager.swift */ = {isa = PBXFileReference; lastKnownFileType = sourcecode.swift; path = LocationAuthorizationManager.swift; sourceTree = "<group>"; };
		BF9198F22E3405430056E0E7 /* LocationUpdateManager.swift */ = {isa = PBXFileReference; lastKnownFileType = sourcecode.swift; path = LocationUpdateManager.swift; sourceTree = "<group>"; };
		BF9198F42E3405430056E0E7 /* NotificationAuthStatus.swift */ = {isa = PBXFileReference; lastKnownFileType = sourcecode.swift; path = NotificationAuthStatus.swift; sourceTree = "<group>"; };
		BF9198F62E3405430056E0E7 /* NotificationAuthorizationManager.swift */ = {isa = PBXFileReference; lastKnownFileType = sourcecode.swift; path = NotificationAuthorizationManager.swift; sourceTree = "<group>"; };
		BF9198F82E3405430056E0E7 /* LocationManager.swift */ = {isa = PBXFileReference; lastKnownFileType = sourcecode.swift; path = LocationManager.swift; sourceTree = "<group>"; };
		BF9198F92E3405430056E0E7 /* WeatherKitManager.swift */ = {isa = PBXFileReference; lastKnownFileType = sourcecode.swift; path = WeatherKitManager.swift; sourceTree = "<group>"; };
		BF9198FB2E3405430056E0E7 /* LocationInfo.swift */ = {isa = PBXFileReference; lastKnownFileType = sourcecode.swift; path = LocationInfo.swift; sourceTree = "<group>"; };
		BF9198FD2E3405430056E0E7 /* SunScreenInfo.swift */ = {isa = PBXFileReference; lastKnownFileType = sourcecode.swift; path = SunScreenInfo.swift; sourceTree = "<group>"; };
		BF9198FF2E3405430056E0E7 /* SkinType.swift */ = {isa = PBXFileReference; lastKnownFileType = sourcecode.swift; path = SkinType.swift; sourceTree = "<group>"; };
		BF9199002E3405430056E0E7 /* SPFLevel.swift */ = {isa = PBXFileReference; lastKnownFileType = sourcecode.swift; path = SPFLevel.swift; sourceTree = "<group>"; };
		BF9199012E3405430056E0E7 /* UserProfile.swift */ = {isa = PBXFileReference; lastKnownFileType = sourcecode.swift; path = UserProfile.swift; sourceTree = "<group>"; };
		BF9199032E3405430056E0E7 /* DailyUVExpose.swift */ = {isa = PBXFileReference; lastKnownFileType = sourcecode.swift; path = DailyUVExpose.swift; sourceTree = "<group>"; };
		BF9199042E3405430056E0E7 /* UVExposeRecord.swift */ = {isa = PBXFileReference; lastKnownFileType = sourcecode.swift; path = UVExposeRecord.swift; sourceTree = "<group>"; };
		BF9199062E3405430056E0E7 /* HourlyWeather.swift */ = {isa = PBXFileReference; lastKnownFileType = sourcecode.swift; path = HourlyWeather.swift; sourceTree = "<group>"; };
		BF9199072E3405430056E0E7 /* LocationWeather.swift */ = {isa = PBXFileReference; lastKnownFileType = sourcecode.swift; path = LocationWeather.swift; sourceTree = "<group>"; };
		BF91990A2E3405430056E0E7 /* DashboardInfoView.swift */ = {isa = PBXFileReference; lastKnownFileType = sourcecode.swift; path = DashboardInfoView.swift; sourceTree = "<group>"; };
		BF91990B2E3405430056E0E7 /* DashboardSummaryMetricsView.swift */ = {isa = PBXFileReference; lastKnownFileType = sourcecode.swift; path = DashboardSummaryMetricsView.swift; sourceTree = "<group>"; };
		BF91990C2E3405430056E0E7 /* DashboardTimerView.swift */ = {isa = PBXFileReference; lastKnownFileType = sourcecode.swift; path = DashboardTimerView.swift; sourceTree = "<group>"; };
		BF91990D2E3405430056E0E7 /* DashboardTitleView.swift */ = {isa = PBXFileReference; lastKnownFileType = sourcecode.swift; path = DashboardTitleView.swift; sourceTree = "<group>"; };
		BF91990E2E3405430056E0E7 /* DashboardUVDoseView.swift */ = {isa = PBXFileReference; lastKnownFileType = sourcecode.swift; path = DashboardUVDoseView.swift; sourceTree = "<group>"; };
		BF91990F2E3405430056E0E7 /* DashboardUVProgressView.swift */ = {isa = PBXFileReference; lastKnownFileType = sourcecode.swift; path = DashboardUVProgressView.swift; sourceTree = "<group>"; };
		BF9199102E3405430056E0E7 /* DashboardWeeklySummaryView.swift */ = {isa = PBXFileReference; lastKnownFileType = sourcecode.swift; path = DashboardWeeklySummaryView.swift; sourceTree = "<group>"; };
		BF9199122E3405430056E0E7 /* DashboardView.swift */ = {isa = PBXFileReference; lastKnownFileType = sourcecode.swift; path = DashboardView.swift; sourceTree = "<group>"; };
		BF9199142E3405430056E0E7 /* DashboardInfoViewModel.swift */ = {isa = PBXFileReference; lastKnownFileType = sourcecode.swift; path = DashboardInfoViewModel.swift; sourceTree = "<group>"; };
		BF9199152E3405430056E0E7 /* DashboardViewModel.swift */ = {isa = PBXFileReference; lastKnownFileType = sourcecode.swift; path = DashboardViewModel.swift; sourceTree = "<group>"; };
		BF9199182E3405430056E0E7 /* ButtonStyleType.swift */ = {isa = PBXFileReference; lastKnownFileType = sourcecode.swift; path = ButtonStyleType.swift; sourceTree = "<group>"; };
		BF9199192E3405430056E0E7 /* InfoItem.swift */ = {isa = PBXFileReference; lastKnownFileType = sourcecode.swift; path = InfoItem.swift; sourceTree = "<group>"; };
		BF91991A2E3405430056E0E7 /* OnboardingButton.swift */ = {isa = PBXFileReference; lastKnownFileType = sourcecode.swift; path = OnboardingButton.swift; sourceTree = "<group>"; };
		BF91991B2E3405430056E0E7 /* SkinTypeItem.swift */ = {isa = PBXFileReference; lastKnownFileType = sourcecode.swift; path = SkinTypeItem.swift; sourceTree = "<group>"; };
		BF91991D2E3405430056E0E7 /* OnboardingStep.swift */ = {isa = PBXFileReference; lastKnownFileType = sourcecode.swift; path = OnboardingStep.swift; sourceTree = "<group>"; };
		BF91991F2E3405430056E0E7 /* OnboardingPermissionInfoView.swift */ = {isa = PBXFileReference; lastKnownFileType = sourcecode.swift; path = OnboardingPermissionInfoView.swift; sourceTree = "<group>"; };
		BF9199202E3405430056E0E7 /* OnboardingSkinTypeDetailView.swift */ = {isa = PBXFileReference; lastKnownFileType = sourcecode.swift; path = OnboardingSkinTypeDetailView.swift; sourceTree = "<group>"; };
		BF9199212E3405430056E0E7 /* OnboardingSkinTypeView.swift */ = {isa = PBXFileReference; lastKnownFileType = sourcecode.swift; path = OnboardingSkinTypeView.swift; sourceTree = "<group>"; };
		BF9199222E3405430056E0E7 /* OnboardingStartView.swift */ = {isa = PBXFileReference; lastKnownFileType = sourcecode.swift; path = OnboardingStartView.swift; sourceTree = "<group>"; };
		BF9199232E3405430056E0E7 /* OnboardingWatchCheckView.swift */ = {isa = PBXFileReference; lastKnownFileType = sourcecode.swift; path = OnboardingWatchCheckView.swift; sourceTree = "<group>"; };
		BF9199252E3405430056E0E7 /* OnboardingViewModel.swift */ = {isa = PBXFileReference; lastKnownFileType = sourcecode.swift; path = OnboardingViewModel.swift; sourceTree = "<group>"; };
		BF9199272E3405430056E0E7 /* OnboardingView.swift */ = {isa = PBXFileReference; lastKnownFileType = sourcecode.swift; path = OnboardingView.swift; sourceTree = "<group>"; };
		BF9199292E3405430056E0E7 /* RootView.swift */ = {isa = PBXFileReference; lastKnownFileType = sourcecode.swift; path = RootView.swift; sourceTree = "<group>"; };
		BF91992B2E3405430056E0E7 /* PermissionRow.swift */ = {isa = PBXFileReference; lastKnownFileType = sourcecode.swift; path = PermissionRow.swift; sourceTree = "<group>"; };
		BF91992C2E3405430056E0E7 /* UserInfoRow.swift */ = {isa = PBXFileReference; lastKnownFileType = sourcecode.swift; path = UserInfoRow.swift; sourceTree = "<group>"; };
		BF91992E2E3405430056E0E7 /* SettingView.swift */ = {isa = PBXFileReference; lastKnownFileType = sourcecode.swift; path = SettingView.swift; sourceTree = "<group>"; };
		BF9199302E3405430056E0E7 /* SettingViewModel.swift */ = {isa = PBXFileReference; lastKnownFileType = sourcecode.swift; path = SettingViewModel.swift; sourceTree = "<group>"; };
		BF9199332E3405430056E0E7 /* HealthKitTestView.swift */ = {isa = PBXFileReference; lastKnownFileType = sourcecode.swift; path = HealthKitTestView.swift; sourceTree = "<group>"; };
		BF9199352E3405430056E0E7 /* HealthKitTestViewModel.swift */ = {isa = PBXFileReference; lastKnownFileType = sourcecode.swift; path = HealthKitTestViewModel.swift; sourceTree = "<group>"; };
		BF9199382E3405430056E0E7 /* LocationView.swift */ = {isa = PBXFileReference; lastKnownFileType = sourcecode.swift; path = LocationView.swift; sourceTree = "<group>"; };
		BF91993A2E3405430056E0E7 /* LocationViewModel.swift */ = {isa = PBXFileReference; lastKnownFileType = sourcecode.swift; path = LocationViewModel.swift; sourceTree = "<group>"; };
		BF91993C2E3405430056E0E7 /* TestLocationView.swift */ = {isa = PBXFileReference; lastKnownFileType = sourcecode.swift; path = TestLocationView.swift; sourceTree = "<group>"; };
		BF91993D2E3405430056E0E7 /* TestLocationViewModel.swift */ = {isa = PBXFileReference; lastKnownFileType = sourcecode.swift; path = TestLocationViewModel.swift; sourceTree = "<group>"; };
		BF9199442E3405430056E0E7 /* NotificationAuthTestView.swift */ = {isa = PBXFileReference; lastKnownFileType = sourcecode.swift; path = NotificationAuthTestView.swift; sourceTree = "<group>"; };
		BF9199452E3405430056E0E7 /* NotificationAuthTestViewModel.swift */ = {isa = PBXFileReference; lastKnownFileType = sourcecode.swift; path = NotificationAuthTestViewModel.swift; sourceTree = "<group>"; };
		BF9199472E3405430056E0E7 /* PhoneSyncTestView.swift */ = {isa = PBXFileReference; lastKnownFileType = sourcecode.swift; path = PhoneSyncTestView.swift; sourceTree = "<group>"; };
		BF9199492E3405430056E0E7 /* TimerView.swift */ = {isa = PBXFileReference; lastKnownFileType = sourcecode.swift; path = TimerView.swift; sourceTree = "<group>"; };
		BF9199522E3405430056E0E7 /* Preview Assets.xcassets */ = {isa = PBXFileReference; lastKnownFileType = folder.assetcatalog; path = "Preview Assets.xcassets"; sourceTree = "<group>"; };
		BF9199542E3405430056E0E7 /* Assets.xcassets */ = {isa = PBXFileReference; lastKnownFileType = folder.assetcatalog; path = Assets.xcassets; sourceTree = "<group>"; };
		BF91996A2E3405430056E0E7 /* ScheduleSunscreenReminderUseCase.swift */ = {isa = PBXFileReference; lastKnownFileType = sourcecode.swift; path = ScheduleSunscreenReminderUseCase.swift; sourceTree = "<group>"; };
		BF91996B2E3405430056E0E7 /* SendUVWarningNotificationUseCase.swift */ = {isa = PBXFileReference; lastKnownFileType = sourcecode.swift; path = SendUVWarningNotificationUseCase.swift; sourceTree = "<group>"; };
		BF91996D2E3405430056E0E7 /* RequestAllPermissionsUseCase.swift */ = {isa = PBXFileReference; lastKnownFileType = sourcecode.swift; path = RequestAllPermissionsUseCase.swift; sourceTree = "<group>"; };
		BF91996E2E3405430056E0E7 /* ValidatePermissionStatusUseCase.swift */ = {isa = PBXFileReference; lastKnownFileType = sourcecode.swift; path = ValidatePermissionStatusUseCase.swift; sourceTree = "<group>"; };
		BF9199712E3405430056E0E7 /* SyncTimerStateUseCase.swift */ = {isa = PBXFileReference; lastKnownFileType = sourcecode.swift; path = SyncTimerStateUseCase.swift; sourceTree = "<group>"; };
		BF9199772E3405430056E0E7 /* GetTodayUVExposureUseCase.swift */ = {isa = PBXFileReference; lastKnownFileType = sourcecode.swift; path = GetTodayUVExposureUseCase.swift; sourceTree = "<group>"; };
		BF9199782E3405430056E0E7 /* GetWeeklyUVTrendUseCase.swift */ = {isa = PBXFileReference; lastKnownFileType = sourcecode.swift; path = GetWeeklyUVTrendUseCase.swift; sourceTree = "<group>"; };
		BF9199792E3405430056E0E7 /* MEDCalculator.swift */ = {isa = PBXFileReference; lastKnownFileType = sourcecode.swift; path = MEDCalculator.swift; sourceTree = "<group>"; };
		BF91997F2E3405430056E0E7 /* NotificationActionType.swift */ = {isa = PBXFileReference; lastKnownFileType = sourcecode.swift; path = NotificationActionType.swift; sourceTree = "<group>"; };
		BF9199812E3405430056E0E7 /* LocalNotificationError.swift */ = {isa = PBXFileReference; lastKnownFileType = sourcecode.swift; path = LocalNotificationError.swift; sourceTree = "<group>"; };
		BF9199822E3405430056E0E7 /* LocalNotificationManager.swift */ = {isa = PBXFileReference; lastKnownFileType = sourcecode.swift; path = LocalNotificationManager.swift; sourceTree = "<group>"; };
		BF9199832E3405430056E0E7 /* NotificationCategoryType.swift */ = {isa = PBXFileReference; lastKnownFileType = sourcecode.swift; path = NotificationCategoryType.swift; sourceTree = "<group>"; };
		BF9199842E3405430056E0E7 /* NotificationContentType.swift */ = {isa = PBXFileReference; lastKnownFileType = sourcecode.swift; path = NotificationContentType.swift; sourceTree = "<group>"; };
		BF9199852E3405430056E0E7 /* NotificationScheduler.swift */ = {isa = PBXFileReference; lastKnownFileType = sourcecode.swift; path = NotificationScheduler.swift; sourceTree = "<group>"; };
		BF9199872E3405430056E0E7 /* TimeInterval+String.swift */ = {isa = PBXFileReference; lastKnownFileType = sourcecode.swift; path = "TimeInterval+String.swift"; sourceTree = "<group>"; };
		BF9199892E3405430056E0E7 /* TimerNotificationManager.swift */ = {isa = PBXFileReference; lastKnownFileType = sourcecode.swift; path = TimerNotificationManager.swift; sourceTree = "<group>"; };
		BF91998A2E3405430056E0E7 /* TimerSyncManager.swift */ = {isa = PBXFileReference; lastKnownFileType = sourcecode.swift; path = TimerSyncManager.swift; sourceTree = "<group>"; };
		BF91998C2E3405430056E0E7 /* TimerState.swift */ = {isa = PBXFileReference; lastKnownFileType = sourcecode.swift; path = TimerState.swift; sourceTree = "<group>"; };
		BF91998E2E3405430056E0E7 /* TimerInfo.swift */ = {isa = PBXFileReference; lastKnownFileType = sourcecode.swift; path = TimerInfo.swift; sourceTree = "<group>"; };
		BF91998F2E3405430056E0E7 /* TimerMessage.swift */ = {isa = PBXFileReference; lastKnownFileType = sourcecode.swift; path = TimerMessage.swift; sourceTree = "<group>"; };
		BF9199902E3405430056E0E7 /* TimerStorage.swift */ = {isa = PBXFileReference; lastKnownFileType = sourcecode.swift; path = TimerStorage.swift; sourceTree = "<group>"; };
		BF9199922E3405430056E0E7 /* SunscreenViewModel.swift */ = {isa = PBXFileReference; lastKnownFileType = sourcecode.swift; path = SunscreenViewModel.swift; sourceTree = "<group>"; };
		BF9199932E3405430056E0E7 /* TimerViewModel.swift */ = {isa = PBXFileReference; lastKnownFileType = sourcecode.swift; path = TimerViewModel.swift; sourceTree = "<group>"; };
		BF9199962E3405430056E0E7 /* WatchConnectivityManager.swift */ = {isa = PBXFileReference; lastKnownFileType = sourcecode.swift; path = WatchConnectivityManager.swift; sourceTree = "<group>"; };
		BF91999A2E3405430056E0E7 /* Info.plist */ = {isa = PBXFileReference; lastKnownFileType = text.plist.xml; path = Info.plist; sourceTree = "<group>"; };
		BF91999B2E3405430056E0E7 /* TarTanning.entitlements */ = {isa = PBXFileReference; lastKnownFileType = text.plist.entitlements; path = TarTanning.entitlements; sourceTree = "<group>"; };
		BF919A292E34096C0056E0E7 /* UserDefaultManager.swift */ = {isa = PBXFileReference; lastKnownFileType = sourcecode.swift; path = UserDefaultManager.swift; sourceTree = "<group>"; };
		BF919A732E34C25A0056E0E7 /* WeatherManagerError.swift */ = {isa = PBXFileReference; lastKnownFileType = sourcecode.swift; path = WeatherManagerError.swift; sourceTree = "<group>"; };
/* End PBXFileReference section */

/* Begin PBXFileSystemSynchronizedBuildFileExceptionSet section */
		0507B56C2E37E42F000E119C /* Exceptions for "UV" folder in "TarTanning" target */ = {
			isa = PBXFileSystemSynchronizedBuildFileExceptionSet;
			membershipExceptions = (
				WatchDashboardSyncService.swift,
			);
			target = 8080F12B2E209F860094719D /* TarTanning */;
		};
/* End PBXFileSystemSynchronizedBuildFileExceptionSet section */

/* Begin PBXFileSystemSynchronizedRootGroup section */
		0507B5672E37E010000E119C /* UV */ = {
			isa = PBXFileSystemSynchronizedRootGroup;
			exceptions = (
				0507B56C2E37E42F000E119C /* Exceptions for "UV" folder in "TarTanning" target */,
			);
			path = UV;
			sourceTree = "<group>";
		};
		8080F14B2E20A0180094719D /* TarTanningWatch Watch App */ = {
			isa = PBXFileSystemSynchronizedRootGroup;
			path = "TarTanningWatch Watch App";
			sourceTree = "<group>";
		};
/* End PBXFileSystemSynchronizedRootGroup section */

/* Begin PBXFrameworksBuildPhase section */
		8080F1292E209F860094719D /* Frameworks */ = {
			isa = PBXFrameworksBuildPhase;
			buildActionMask = 2147483647;
			files = (
			);
			runOnlyForDeploymentPostprocessing = 0;
		};
		8080F1472E20A0180094719D /* Frameworks */ = {
			isa = PBXFrameworksBuildPhase;
			buildActionMask = 2147483647;
			files = (
			);
			runOnlyForDeploymentPostprocessing = 0;
		};
/* End PBXFrameworksBuildPhase section */

/* Begin PBXGroup section */
		8080F1232E209F860094719D = {
			isa = PBXGroup;
			children = (
				8080F15E2E20A0740094719D /* .swiftlint.yml */,
				BF91999C2E3405430056E0E7 /* TarTanning */,
				8080F14B2E20A0180094719D /* TarTanningWatch Watch App */,
				8080F12D2E209F860094719D /* Products */,
			);
			sourceTree = "<group>";
		};
		8080F12D2E209F860094719D /* Products */ = {
			isa = PBXGroup;
			children = (
				8080F12C2E209F860094719D /* TarTanning.app */,
				8080F14A2E20A0180094719D /* TarTanningWatch Watch App.app */,
			);
			name = Products;
			sourceTree = "<group>";
		};
		BF55D7422E36B44A00074104 /* Unuse */ = {
			isa = PBXGroup;
			children = (
				BF9198EA2E3405430056E0E7 /* HealthKitDataQueryManager.swift */,
				BF9198EC2E3405430056E0E7 /* HealthKitQueryManager.swift */,
			);
			path = Unuse;
			sourceTree = "<group>";
		};
		BF55DAC42E374BD700074104 /* Info */ = {
			isa = PBXGroup;
			children = (
				BF55DAC82E374CAE00074104 /* VIewModel */,
				BF55DAC72E374CA100074104 /* View */,
			);
			path = Info;
			sourceTree = "<group>";
		};
		BF55DAC72E374CA100074104 /* View */ = {
			isa = PBXGroup;
			children = (
				BF91990A2E3405430056E0E7 /* DashboardInfoView.swift */,
			);
			path = View;
			sourceTree = "<group>";
		};
		BF55DAC82E374CAE00074104 /* VIewModel */ = {
			isa = PBXGroup;
			children = (
				BF9199142E3405430056E0E7 /* DashboardInfoViewModel.swift */,
			);
			path = VIewModel;
			sourceTree = "<group>";
		};
		BF55DBFD2E38F21200074104 /* Info */ = {
			isa = PBXGroup;
			children = (
				BF55DBFC2E38F21200074104 /* SunscreenInfoModel.swift */,
			);
			path = Info;
			sourceTree = "<group>";
		};
		BF9198E02E3405430056E0E7 /* Application */ = {
			isa = PBXGroup;
			children = (
				BF9198DC2E3405430056E0E7 /* AppDelegate.swift */,
				BF9198DD2E3405430056E0E7 /* NavigationRouter.swift */,
				BF9198DE2E3405430056E0E7 /* Route.swift */,
				BF9198DF2E3405430056E0E7 /* TarTanningApp.swift */,
			);
			path = Application;
			sourceTree = "<group>";
		};
		BF9198E32E3405430056E0E7 /* Extensions */ = {
			isa = PBXGroup;
			children = (
				BF9198E22E3405430056E0E7 /* Date+Extension.swift */,
			);
			path = Extensions;
			sourceTree = "<group>";
		};
		BF9198E42E3405430056E0E7 /* Helpers */ = {
			isa = PBXGroup;
			children = (
				BF9198E32E3405430056E0E7 /* Extensions */,
			);
			path = Helpers;
			sourceTree = "<group>";
		};
		BF9198E72E3405430056E0E7 /* Enum */ = {
			isa = PBXGroup;
			children = (
				BF9198E52E3405430056E0E7 /* HealthKitAuthStatus.swift */,
				BF9198E62E3405430056E0E7 /* HealthKitError.swift */,
			);
			path = Enum;
			sourceTree = "<group>";
		};
		BF9198ED2E3405430056E0E7 /* HealthKit */ = {
			isa = PBXGroup;
			children = (
				BF9198E72E3405430056E0E7 /* Enum */,
				BF9198E82E3405430056E0E7 /* HealthKitAuthorizationManager.swift */,
				BF9198E92E3405430056E0E7 /* HealthKitBackgroundManager.swift */,
				BF9198EB2E3405430056E0E7 /* HealthKitQueryFetchManager.swift */,
			);
			path = HealthKit;
			sourceTree = "<group>";
		};
		BF9198F02E3405430056E0E7 /* Enum */ = {
			isa = PBXGroup;
			children = (
				BF9198EE2E3405430056E0E7 /* LocationAuthStatus.swift */,
				BF9198EF2E3405430056E0E7 /* LocationError.swift */,
			);
			path = Enum;
			sourceTree = "<group>";
		};
		BF9198F32E3405430056E0E7 /* Location */ = {
			isa = PBXGroup;
			children = (
				BF9198F02E3405430056E0E7 /* Enum */,
				BF9198F82E3405430056E0E7 /* LocationManager.swift */,
				BF9198F12E3405430056E0E7 /* LocationAuthorizationManager.swift */,
				BF9198F22E3405430056E0E7 /* LocationUpdateManager.swift */,
			);
			path = Location;
			sourceTree = "<group>";
		};
		BF9198F52E3405430056E0E7 /* Enum */ = {
			isa = PBXGroup;
			children = (
				BF9198F42E3405430056E0E7 /* NotificationAuthStatus.swift */,
			);
			path = Enum;
			sourceTree = "<group>";
		};
		BF9198F72E3405430056E0E7 /* Notification */ = {
			isa = PBXGroup;
			children = (
				BF9198F52E3405430056E0E7 /* Enum */,
				BF9198F62E3405430056E0E7 /* NotificationAuthorizationManager.swift */,
			);
			path = Notification;
			sourceTree = "<group>";
		};
		BF9198FA2E3405430056E0E7 /* Managers */ = {
			isa = PBXGroup;
			children = (
				BF919A282E34095D0056E0E7 /* UserDefaults */,
				BF919A272E3409230056E0E7 /* WeatherKit */,
				BF9198ED2E3405430056E0E7 /* HealthKit */,
				BF9198F32E3405430056E0E7 /* Location */,
				BF9198F72E3405430056E0E7 /* Notification */,
			);
			path = Managers;
			sourceTree = "<group>";
		};
		BF9198FC2E3405430056E0E7 /* Location */ = {
			isa = PBXGroup;
			children = (
				BF9198FB2E3405430056E0E7 /* LocationInfo.swift */,
			);
			path = Location;
			sourceTree = "<group>";
		};
		BF9198FE2E3405430056E0E7 /* Sunscreen */ = {
			isa = PBXGroup;
			children = (
				BF9198FD2E3405430056E0E7 /* SunScreenInfo.swift */,
			);
			path = Sunscreen;
			sourceTree = "<group>";
		};
		BF9199022E3405430056E0E7 /* User */ = {
			isa = PBXGroup;
			children = (
				BF9198FF2E3405430056E0E7 /* SkinType.swift */,
				BF9199002E3405430056E0E7 /* SPFLevel.swift */,
				BF9199012E3405430056E0E7 /* UserProfile.swift */,
			);
			path = User;
			sourceTree = "<group>";
		};
		BF9199052E3405430056E0E7 /* UVExposure */ = {
			isa = PBXGroup;
			children = (
				BF9199032E3405430056E0E7 /* DailyUVExpose.swift */,
				BF9199042E3405430056E0E7 /* UVExposeRecord.swift */,
			);
			path = UVExposure;
			sourceTree = "<group>";
		};
		BF9199082E3405430056E0E7 /* Weather */ = {
			isa = PBXGroup;
			children = (
				BF9199062E3405430056E0E7 /* HourlyWeather.swift */,
				BF9199072E3405430056E0E7 /* LocationWeather.swift */,
			);
			path = Weather;
			sourceTree = "<group>";
		};
		BF9199092E3405430056E0E7 /* Models */ = {
			isa = PBXGroup;
			children = (
				BF55DBFD2E38F21200074104 /* Info */,
				BF9198FC2E3405430056E0E7 /* Location */,
				BF9198FE2E3405430056E0E7 /* Sunscreen */,
				BF9199022E3405430056E0E7 /* User */,
				BF9199052E3405430056E0E7 /* UVExposure */,
				BF9199082E3405430056E0E7 /* Weather */,
			);
			path = Models;
			sourceTree = "<group>";
		};
		BF9199112E3405430056E0E7 /* SubViews */ = {
			isa = PBXGroup;
			children = (
				BF91990C2E3405430056E0E7 /* DashboardTimerView.swift */,
				BF91990B2E3405430056E0E7 /* DashboardSummaryMetricsView.swift */,
				BF91990D2E3405430056E0E7 /* DashboardTitleView.swift */,
				BF91990E2E3405430056E0E7 /* DashboardUVDoseView.swift */,
				BF91990F2E3405430056E0E7 /* DashboardUVProgressView.swift */,
				BF9199102E3405430056E0E7 /* DashboardWeeklySummaryView.swift */,
			);
			path = SubViews;
			sourceTree = "<group>";
		};
		BF9199132E3405430056E0E7 /* View */ = {
			isa = PBXGroup;
			children = (
				BF9199112E3405430056E0E7 /* SubViews */,
				BF9199122E3405430056E0E7 /* DashboardView.swift */,
			);
			path = View;
			sourceTree = "<group>";
		};
		BF9199162E3405430056E0E7 /* ViewModel */ = {
			isa = PBXGroup;
			children = (
				BF9199152E3405430056E0E7 /* DashboardViewModel.swift */,
			);
			path = ViewModel;
			sourceTree = "<group>";
		};
		BF9199172E3405430056E0E7 /* Dashboard */ = {
			isa = PBXGroup;
			children = (
				BF9199132E3405430056E0E7 /* View */,
				BF9199162E3405430056E0E7 /* ViewModel */,
			);
			path = Dashboard;
			sourceTree = "<group>";
		};
		BF91991C2E3405430056E0E7 /* Component */ = {
			isa = PBXGroup;
			children = (
				BF9199182E3405430056E0E7 /* ButtonStyleType.swift */,
				BF9199192E3405430056E0E7 /* InfoItem.swift */,
				BF91991A2E3405430056E0E7 /* OnboardingButton.swift */,
				BF91991B2E3405430056E0E7 /* SkinTypeItem.swift */,
			);
			path = Component;
			sourceTree = "<group>";
		};
		BF91991E2E3405430056E0E7 /* Enum */ = {
			isa = PBXGroup;
			children = (
				BF91991D2E3405430056E0E7 /* OnboardingStep.swift */,
			);
			path = Enum;
			sourceTree = "<group>";
		};
		BF9199242E3405430056E0E7 /* View */ = {
			isa = PBXGroup;
			children = (
				BF91991F2E3405430056E0E7 /* OnboardingPermissionInfoView.swift */,
				BF9199202E3405430056E0E7 /* OnboardingSkinTypeDetailView.swift */,
				BF9199212E3405430056E0E7 /* OnboardingSkinTypeView.swift */,
				BF9199222E3405430056E0E7 /* OnboardingStartView.swift */,
				BF9199232E3405430056E0E7 /* OnboardingWatchCheckView.swift */,
			);
			path = View;
			sourceTree = "<group>";
		};
		BF9199262E3405430056E0E7 /* ViewModel */ = {
			isa = PBXGroup;
			children = (
				BF9199252E3405430056E0E7 /* OnboardingViewModel.swift */,
			);
			path = ViewModel;
			sourceTree = "<group>";
		};
		BF9199282E3405430056E0E7 /* Onboarding */ = {
			isa = PBXGroup;
			children = (
				BF91991C2E3405430056E0E7 /* Component */,
				BF91991E2E3405430056E0E7 /* Enum */,
				BF9199242E3405430056E0E7 /* View */,
				BF9199262E3405430056E0E7 /* ViewModel */,
				BF9199272E3405430056E0E7 /* OnboardingView.swift */,
			);
			path = Onboarding;
			sourceTree = "<group>";
		};
		BF91992A2E3405430056E0E7 /* Root */ = {
			isa = PBXGroup;
			children = (
				BF55DA0B2E3716AA00074104 /* MainView.swift */,
				BF9199292E3405430056E0E7 /* RootView.swift */,
			);
			path = Root;
			sourceTree = "<group>";
		};
		BF91992D2E3405430056E0E7 /* Components */ = {
			isa = PBXGroup;
			children = (
				BF91992B2E3405430056E0E7 /* PermissionRow.swift */,
				BF91992C2E3405430056E0E7 /* UserInfoRow.swift */,
			);
			path = Components;
			sourceTree = "<group>";
		};
		BF91992F2E3405430056E0E7 /* View */ = {
			isa = PBXGroup;
			children = (
				BF91992E2E3405430056E0E7 /* SettingView.swift */,
			);
			path = View;
			sourceTree = "<group>";
		};
		BF9199312E3405430056E0E7 /* ViewModel */ = {
			isa = PBXGroup;
			children = (
				BF9199302E3405430056E0E7 /* SettingViewModel.swift */,
			);
			path = ViewModel;
			sourceTree = "<group>";
		};
		BF9199322E3405430056E0E7 /* Setting */ = {
			isa = PBXGroup;
			children = (
				BF91992D2E3405430056E0E7 /* Components */,
				BF91992F2E3405430056E0E7 /* View */,
				BF9199312E3405430056E0E7 /* ViewModel */,
			);
			path = Setting;
			sourceTree = "<group>";
		};
		BF9199342E3405430056E0E7 /* View */ = {
			isa = PBXGroup;
			children = (
				BF9199332E3405430056E0E7 /* HealthKitTestView.swift */,
			);
			path = View;
			sourceTree = "<group>";
		};
		BF9199362E3405430056E0E7 /* ViewModel */ = {
			isa = PBXGroup;
			children = (
				BF9199352E3405430056E0E7 /* HealthKitTestViewModel.swift */,
			);
			path = ViewModel;
			sourceTree = "<group>";
		};
		BF9199372E3405430056E0E7 /* Health */ = {
			isa = PBXGroup;
			children = (
				BF9199342E3405430056E0E7 /* View */,
				BF9199362E3405430056E0E7 /* ViewModel */,
			);
			path = Health;
			sourceTree = "<group>";
		};
		BF9199392E3405430056E0E7 /* View */ = {
			isa = PBXGroup;
			children = (
				BF9199382E3405430056E0E7 /* LocationView.swift */,
			);
			path = View;
			sourceTree = "<group>";
		};
		BF91993B2E3405430056E0E7 /* ViewModel */ = {
			isa = PBXGroup;
			children = (
				BF91993A2E3405430056E0E7 /* LocationViewModel.swift */,
			);
			path = ViewModel;
			sourceTree = "<group>";
		};
		BF91993E2E3405430056E0E7 /* Location */ = {
			isa = PBXGroup;
			children = (
				BF9199392E3405430056E0E7 /* View */,
				BF91993B2E3405430056E0E7 /* ViewModel */,
				BF91993C2E3405430056E0E7 /* TestLocationView.swift */,
				BF91993D2E3405430056E0E7 /* TestLocationViewModel.swift */,
			);
			path = Location;
			sourceTree = "<group>";
		};
		BF9199462E3405430056E0E7 /* Notification */ = {
			isa = PBXGroup;
			children = (
				BF9199442E3405430056E0E7 /* NotificationAuthTestView.swift */,
				BF9199452E3405430056E0E7 /* NotificationAuthTestViewModel.swift */,
			);
			path = Notification;
			sourceTree = "<group>";
		};
		BF9199482E3405430056E0E7 /* PhoneSync */ = {
			isa = PBXGroup;
			children = (
				BF9199472E3405430056E0E7 /* PhoneSyncTestView.swift */,
			);
			path = PhoneSync;
			sourceTree = "<group>";
		};
		BF91994A2E3405430056E0E7 /* Suncream */ = {
			isa = PBXGroup;
			children = (
				BF9199492E3405430056E0E7 /* TimerView.swift */,
			);
			path = Suncream;
			sourceTree = "<group>";
		};
		BF9199502E3405430056E0E7 /* Test */ = {
			isa = PBXGroup;
			children = (
				BF9199372E3405430056E0E7 /* Health */,
				BF91993E2E3405430056E0E7 /* Location */,
				BF9199462E3405430056E0E7 /* Notification */,
				BF9199482E3405430056E0E7 /* PhoneSync */,
				BF91994A2E3405430056E0E7 /* Suncream */,
			);
			path = Test;
			sourceTree = "<group>";
		};
		BF9199512E3405430056E0E7 /* Presentations */ = {
			isa = PBXGroup;
			children = (
				BF55DAC42E374BD700074104 /* Info */,
				BF9199172E3405430056E0E7 /* Dashboard */,
				BF9199282E3405430056E0E7 /* Onboarding */,
				BF91992A2E3405430056E0E7 /* Root */,
				BF9199322E3405430056E0E7 /* Setting */,
				BF9199502E3405430056E0E7 /* Test */,
			);
			path = Presentations;
			sourceTree = "<group>";
		};
		BF9199532E3405430056E0E7 /* Preview Content */ = {
			isa = PBXGroup;
			children = (
				BF9199522E3405430056E0E7 /* Preview Assets.xcassets */,
			);
			path = "Preview Content";
			sourceTree = "<group>";
		};
		BF9199552E3405430056E0E7 /* Resources */ = {
			isa = PBXGroup;
			children = (
				0507B6212E37FD2C000E119C /* sunscreen_uv_info.json */,
				BF9199542E3405430056E0E7 /* Assets.xcassets */,
			);
			path = Resources;
			sourceTree = "<group>";
		};
		BF91996C2E3405430056E0E7 /* Notification */ = {
			isa = PBXGroup;
			children = (
				BF91996A2E3405430056E0E7 /* ScheduleSunscreenReminderUseCase.swift */,
				BF91996B2E3405430056E0E7 /* SendUVWarningNotificationUseCase.swift */,
				802AB2BB2E3753C60006476F /* SendUVIndexNotificationUseCase.swift */,
			);
			path = Notification;
			sourceTree = "<group>";
		};
		BF91996F2E3405430056E0E7 /* Permission */ = {
			isa = PBXGroup;
			children = (
				BF91996D2E3405430056E0E7 /* RequestAllPermissionsUseCase.swift */,
				BF91996E2E3405430056E0E7 /* ValidatePermissionStatusUseCase.swift */,
			);
			path = Permission;
			sourceTree = "<group>";
		};
		BF9199722E3405430056E0E7 /* Sunscreen */ = {
			isa = PBXGroup;
			children = (
				BF9199712E3405430056E0E7 /* SyncTimerStateUseCase.swift */,
			);
			path = Sunscreen;
			sourceTree = "<group>";
		};
		BF9199752E3405430056E0E7 /* UserProfile */ = {
			isa = PBXGroup;
			children = (
				BF55D6FD2E35345400074104 /* GetUserProfileUseCase.swift */,
				BF55D6FF2E35345C00074104 /* UpdateUserProfileUseCase.swift */,
			);
			path = UserProfile;
			sourceTree = "<group>";
		};
		BF91997A2E3405430056E0E7 /* UVExposure */ = {
			isa = PBXGroup;
			children = (
				BF9199772E3405430056E0E7 /* GetTodayUVExposureUseCase.swift */,
				BF55D7012E353BA500074104 /* CalculateAndSaveUVDoseUseCase.swift */,
				BF55D7022E353BA500074104 /* SyncUVDataFromHealthKitUseCase.swift */,
				BF9199782E3405430056E0E7 /* GetWeeklyUVTrendUseCase.swift */,
				BF9199792E3405430056E0E7 /* MEDCalculator.swift */,
				802AB1C92E37191D0006476F /* SyncUVDataInBackgroundUseCase.swift */,
			);
			path = UVExposure;
			sourceTree = "<group>";
		};
		BF91997E2E3405430056E0E7 /* Usecases */ = {
			isa = PBXGroup;
			children = (
				BF919A252E3408A80056E0E7 /* Weather */,
				BF91996C2E3405430056E0E7 /* Notification */,
				BF91996F2E3405430056E0E7 /* Permission */,
				BF9199722E3405430056E0E7 /* Sunscreen */,
				BF9199752E3405430056E0E7 /* UserProfile */,
				BF91997A2E3405430056E0E7 /* UVExposure */,
			);
			path = Usecases;
			sourceTree = "<group>";
		};
		BF9199802E3405430056E0E7 /* Enum */ = {
			isa = PBXGroup;
			children = (
				BF91997F2E3405430056E0E7 /* NotificationActionType.swift */,
			);
			path = Enum;
			sourceTree = "<group>";
		};
		BF9199862E3405430056E0E7 /* Notification */ = {
			isa = PBXGroup;
			children = (
				BF9199802E3405430056E0E7 /* Enum */,
				BF9199812E3405430056E0E7 /* LocalNotificationError.swift */,
				BF9199822E3405430056E0E7 /* LocalNotificationManager.swift */,
				BF9199832E3405430056E0E7 /* NotificationCategoryType.swift */,
				BF9199842E3405430056E0E7 /* NotificationContentType.swift */,
				BF9199852E3405430056E0E7 /* NotificationScheduler.swift */,
			);
			path = Notification;
			sourceTree = "<group>";
		};
		BF9199882E3405430056E0E7 /* Extensions */ = {
			isa = PBXGroup;
			children = (
				BF9199872E3405430056E0E7 /* TimeInterval+String.swift */,
			);
			path = Extensions;
			sourceTree = "<group>";
		};
		BF91998B2E3405430056E0E7 /* Managers */ = {
			isa = PBXGroup;
			children = (
				BF9199892E3405430056E0E7 /* TimerNotificationManager.swift */,
				BF91998A2E3405430056E0E7 /* TimerSyncManager.swift */,
				BF28E1C82E39C4C800D089C9 /* TimerSPFManager.swift */,
			);
			path = Managers;
			sourceTree = "<group>";
		};
		BF91998D2E3405430056E0E7 /* Enums */ = {
			isa = PBXGroup;
			children = (
				BF91998C2E3405430056E0E7 /* TimerState.swift */,
			);
			path = Enums;
			sourceTree = "<group>";
		};
		BF9199912E3405430056E0E7 /* Models */ = {
			isa = PBXGroup;
			children = (
				BF91998D2E3405430056E0E7 /* Enums */,
				BF91998E2E3405430056E0E7 /* TimerInfo.swift */,
				BF91998F2E3405430056E0E7 /* TimerMessage.swift */,
				BF9199902E3405430056E0E7 /* TimerStorage.swift */,
			);
			path = Models;
			sourceTree = "<group>";
		};
		BF9199942E3405430056E0E7 /* ViewModels */ = {
			isa = PBXGroup;
			children = (
				BF9199922E3405430056E0E7 /* SunscreenViewModel.swift */,
				BF9199932E3405430056E0E7 /* TimerViewModel.swift */,
			);
			path = ViewModels;
			sourceTree = "<group>";
		};
		BF9199952E3405430056E0E7 /* Sunscreen */ = {
			isa = PBXGroup;
			children = (
				BF9199882E3405430056E0E7 /* Extensions */,
				BF91998B2E3405430056E0E7 /* Managers */,
				BF9199912E3405430056E0E7 /* Models */,
				BF9199942E3405430056E0E7 /* ViewModels */,
			);
			path = Sunscreen;
			sourceTree = "<group>";
		};
		BF9199972E3405430056E0E7 /* Managers */ = {
			isa = PBXGroup;
			children = (
				BF9199962E3405430056E0E7 /* WatchConnectivityManager.swift */,
			);
			path = Managers;
			sourceTree = "<group>";
		};
		BF9199982E3405430056E0E7 /* WatchConnectivity */ = {
			isa = PBXGroup;
			children = (
				BF9199972E3405430056E0E7 /* Managers */,
			);
			path = WatchConnectivity;
			sourceTree = "<group>";
		};
		BF9199992E3405430056E0E7 /* Shared */ = {
			isa = PBXGroup;
			children = (
				0507B5672E37E010000E119C /* UV */,
				BF9199862E3405430056E0E7 /* Notification */,
				BF9199952E3405430056E0E7 /* Sunscreen */,
				BF9199982E3405430056E0E7 /* WatchConnectivity */,
			);
			path = Shared;
			sourceTree = "<group>";
		};
		BF91999C2E3405430056E0E7 /* TarTanning */ = {
			isa = PBXGroup;
			children = (
				BF919A242E3408790056E0E7 /* Data */,
				BF919A232E34086F0056E0E7 /* Infrastructure */,
				BF919A222E3408520056E0E7 /* Domain */,
				BF9198E02E3405430056E0E7 /* Application */,
				BF9198E42E3405430056E0E7 /* Helpers */,
				BF9199512E3405430056E0E7 /* Presentations */,
				BF9199532E3405430056E0E7 /* Preview Content */,
				BF9199552E3405430056E0E7 /* Resources */,
				BF9199992E3405430056E0E7 /* Shared */,
				BF91999A2E3405430056E0E7 /* Info.plist */,
				BF91999B2E3405430056E0E7 /* TarTanning.entitlements */,
			);
			path = TarTanning;
			sourceTree = "<group>";
		};
		BF919A222E3408520056E0E7 /* Domain */ = {
			isa = PBXGroup;
			children = (
				BF91997E2E3405430056E0E7 /* Usecases */,
			);
			path = Domain;
			sourceTree = "<group>";
		};
		BF919A232E34086F0056E0E7 /* Infrastructure */ = {
			isa = PBXGroup;
			children = (
				BF55D7422E36B44A00074104 /* Unuse */,
				BF9198FA2E3405430056E0E7 /* Managers */,
			);
			path = Infrastructure;
			sourceTree = "<group>";
		};
		BF919A242E3408790056E0E7 /* Data */ = {
			isa = PBXGroup;
			children = (
				BF9199092E3405430056E0E7 /* Models */,
			);
			path = Data;
			sourceTree = "<group>";
		};
		BF919A252E3408A80056E0E7 /* Weather */ = {
			isa = PBXGroup;
			children = (
				BF55D6B92E352AD800074104 /* GetWeatherDataUseCase.swift */,
				BF55D6BA2E352AD800074104 /* SyncWeatherDataUseCase.swift */,
			);
			path = Weather;
			sourceTree = "<group>";
		};
		BF919A272E3409230056E0E7 /* WeatherKit */ = {
			isa = PBXGroup;
			children = (
				BF919A722E34C2510056E0E7 /* Enum */,
				BF9198F92E3405430056E0E7 /* WeatherKitManager.swift */,
			);
			path = WeatherKit;
			sourceTree = "<group>";
		};
		BF919A282E34095D0056E0E7 /* UserDefaults */ = {
			isa = PBXGroup;
			children = (
				BF919A292E34096C0056E0E7 /* UserDefaultManager.swift */,
			);
			path = UserDefaults;
			sourceTree = "<group>";
		};
		BF919A722E34C2510056E0E7 /* Enum */ = {
			isa = PBXGroup;
			children = (
				BF919A732E34C25A0056E0E7 /* WeatherManagerError.swift */,
			);
			path = Enum;
			sourceTree = "<group>";
		};
/* End PBXGroup section */

/* Begin PBXNativeTarget section */
		8080F12B2E209F860094719D /* TarTanning */ = {
			isa = PBXNativeTarget;
			buildConfigurationList = 8080F13A2E209F870094719D /* Build configuration list for PBXNativeTarget "TarTanning" */;
			buildPhases = (
				8080F1802E20A8FB0094719D /* SwiftLint Script */,
				8080F1282E209F860094719D /* Sources */,
				8080F1292E209F860094719D /* Frameworks */,
				8080F12A2E209F860094719D /* Resources */,
				8080F1582E20A0190094719D /* Embed Watch Content */,
			);
			buildRules = (
			);
			dependencies = (
				8080F1562E20A0190094719D /* PBXTargetDependency */,
			);
			fileSystemSynchronizedGroups = (
				0507B5672E37E010000E119C /* UV */,
			);
			name = TarTanning;
			packageProductDependencies = (
			);
			productName = TarTanning;
			productReference = 8080F12C2E209F860094719D /* TarTanning.app */;
			productType = "com.apple.product-type.application";
		};
		8080F1492E20A0180094719D /* TarTanningWatch Watch App */ = {
			isa = PBXNativeTarget;
			buildConfigurationList = 8080F15B2E20A0190094719D /* Build configuration list for PBXNativeTarget "TarTanningWatch Watch App" */;
			buildPhases = (
				8080F1462E20A0180094719D /* Sources */,
				8080F1472E20A0180094719D /* Frameworks */,
				8080F1482E20A0180094719D /* Resources */,
			);
			buildRules = (
			);
			dependencies = (
			);
			fileSystemSynchronizedGroups = (
				0507B5672E37E010000E119C /* UV */,
				8080F14B2E20A0180094719D /* TarTanningWatch Watch App */,
			);
			name = "TarTanningWatch Watch App";
			packageProductDependencies = (
			);
			productName = "TarTanningWatch Watch App";
			productReference = 8080F14A2E20A0180094719D /* TarTanningWatch Watch App.app */;
			productType = "com.apple.product-type.application";
		};
/* End PBXNativeTarget section */

/* Begin PBXProject section */
		8080F1242E209F860094719D /* Project object */ = {
			isa = PBXProject;
			attributes = {
				BuildIndependentTargetsInParallel = 1;
				LastSwiftUpdateCheck = 1620;
				LastUpgradeCheck = 1620;
				TargetAttributes = {
					8080F12B2E209F860094719D = {
						CreatedOnToolsVersion = 16.2;
					};
					8080F1492E20A0180094719D = {
						CreatedOnToolsVersion = 16.2;
					};
				};
			};
			buildConfigurationList = 8080F1272E209F860094719D /* Build configuration list for PBXProject "TarTanning" */;
			developmentRegion = en;
			hasScannedForEncodings = 0;
			knownRegions = (
				en,
				Base,
			);
			mainGroup = 8080F1232E209F860094719D;
			minimizedProjectReferenceProxies = 1;
			preferredProjectObjectVersion = 77;
			productRefGroup = 8080F12D2E209F860094719D /* Products */;
			projectDirPath = "";
			projectRoot = "";
			targets = (
				8080F12B2E209F860094719D /* TarTanning */,
				8080F1492E20A0180094719D /* TarTanningWatch Watch App */,
			);
		};
/* End PBXProject section */

/* Begin PBXResourcesBuildPhase section */
		8080F12A2E209F860094719D /* Resources */ = {
			isa = PBXResourcesBuildPhase;
			buildActionMask = 2147483647;
			files = (
				BF919A0F2E3405430056E0E7 /* Preview Assets.xcassets in Resources */,
				0507B6222E37FD2C000E119C /* sunscreen_uv_info.json in Resources */,
				BF919A102E3405430056E0E7 /* Assets.xcassets in Resources */,
				8080F15F2E20A0740094719D /* .swiftlint.yml in Resources */,
			);
			runOnlyForDeploymentPostprocessing = 0;
		};
		8080F1482E20A0180094719D /* Resources */ = {
			isa = PBXResourcesBuildPhase;
			buildActionMask = 2147483647;
			files = (
			);
			runOnlyForDeploymentPostprocessing = 0;
		};
/* End PBXResourcesBuildPhase section */

/* Begin PBXShellScriptBuildPhase section */
		8080F1802E20A8FB0094719D /* SwiftLint Script */ = {
			isa = PBXShellScriptBuildPhase;
			alwaysOutOfDate = 1;
			buildActionMask = 2147483647;
			files = (
			);
			inputFileListPaths = (
			);
			inputPaths = (
			);
			name = "SwiftLint Script";
			outputFileListPaths = (
			);
			outputPaths = (
			);
			runOnlyForDeploymentPostprocessing = 0;
			shellPath = /bin/sh;
			shellScript = "export PATH=\"$PATH:/opt/homebrew/bin\"\nif which swiftlint >/dev/null; then\n  swiftlint\nelse\n  echo \"warning: SwiftLint not installed, download from https://github.com/realm/SwiftLint\"\nfi\n";
		};
/* End PBXShellScriptBuildPhase section */

/* Begin PBXSourcesBuildPhase section */
		8080F1282E209F860094719D /* Sources */ = {
			isa = PBXSourcesBuildPhase;
			buildActionMask = 2147483647;
			files = (
				BF91999D2E3405430056E0E7 /* AppDelegate.swift in Sources */,
				BF91999E2E3405430056E0E7 /* NavigationRouter.swift in Sources */,
				BF91999F2E3405430056E0E7 /* Route.swift in Sources */,
				BF9199A02E3405430056E0E7 /* TarTanningApp.swift in Sources */,
				BF9199A22E3405430056E0E7 /* Date+Extension.swift in Sources */,
				BF9199A32E3405430056E0E7 /* HealthKitAuthStatus.swift in Sources */,
				BF9199A42E3405430056E0E7 /* HealthKitError.swift in Sources */,
				BF9199A52E3405430056E0E7 /* HealthKitAuthorizationManager.swift in Sources */,
				BF9199A62E3405430056E0E7 /* HealthKitBackgroundManager.swift in Sources */,
				BF9199A72E3405430056E0E7 /* HealthKitDataQueryManager.swift in Sources */,
				BF9199A82E3405430056E0E7 /* HealthKitQueryFetchManager.swift in Sources */,
				BF9199A92E3405430056E0E7 /* HealthKitQueryManager.swift in Sources */,
				BF9199AA2E3405430056E0E7 /* LocationAuthStatus.swift in Sources */,
				BF9199AB2E3405430056E0E7 /* LocationError.swift in Sources */,
				BF55D6BB2E352AD800074104 /* GetWeatherDataUseCase.swift in Sources */,
				BF55D6BC2E352AD800074104 /* SyncWeatherDataUseCase.swift in Sources */,
				BF9199AC2E3405430056E0E7 /* LocationAuthorizationManager.swift in Sources */,
				BF9199AD2E3405430056E0E7 /* LocationUpdateManager.swift in Sources */,
				BF9199AE2E3405430056E0E7 /* NotificationAuthStatus.swift in Sources */,
				BF9199AF2E3405430056E0E7 /* NotificationAuthorizationManager.swift in Sources */,
				BF9199B02E3405430056E0E7 /* LocationManager.swift in Sources */,
				BF9199B12E3405430056E0E7 /* WeatherKitManager.swift in Sources */,
				BF9199B22E3405430056E0E7 /* LocationInfo.swift in Sources */,
				BF9199B32E3405430056E0E7 /* SunScreenInfo.swift in Sources */,
				BF28E1CA2E39C4C800D089C9 /* TimerSPFManager.swift in Sources */,
				BF9199B42E3405430056E0E7 /* SkinType.swift in Sources */,
				BF9199B52E3405430056E0E7 /* SPFLevel.swift in Sources */,
				BF9199B62E3405430056E0E7 /* UserProfile.swift in Sources */,
				BF9199B72E3405430056E0E7 /* DailyUVExpose.swift in Sources */,
				BF9199B82E3405430056E0E7 /* UVExposeRecord.swift in Sources */,
				BF9199B92E3405430056E0E7 /* HourlyWeather.swift in Sources */,
				BF9199BA2E3405430056E0E7 /* LocationWeather.swift in Sources */,
				BF9199BB2E3405430056E0E7 /* DashboardInfoView.swift in Sources */,
				BF9199BC2E3405430056E0E7 /* DashboardSummaryMetricsView.swift in Sources */,
				BF55D6FE2E35345400074104 /* GetUserProfileUseCase.swift in Sources */,
				BF9199BD2E3405430056E0E7 /* DashboardTimerView.swift in Sources */,
				BF9199BE2E3405430056E0E7 /* DashboardTitleView.swift in Sources */,
				BF9199BF2E3405430056E0E7 /* DashboardUVDoseView.swift in Sources */,
				802AB1CA2E37191D0006476F /* SyncUVDataInBackgroundUseCase.swift in Sources */,
				BF9199C02E3405430056E0E7 /* DashboardUVProgressView.swift in Sources */,
				BF9199C12E3405430056E0E7 /* DashboardWeeklySummaryView.swift in Sources */,
				BF9199C22E3405430056E0E7 /* DashboardView.swift in Sources */,
				BF9199C32E3405430056E0E7 /* DashboardInfoViewModel.swift in Sources */,
				BF9199C42E3405430056E0E7 /* DashboardViewModel.swift in Sources */,
				BF9199C52E3405430056E0E7 /* ButtonStyleType.swift in Sources */,
				BF9199C62E3405430056E0E7 /* InfoItem.swift in Sources */,
				BF9199C72E3405430056E0E7 /* OnboardingButton.swift in Sources */,
				BF9199C82E3405430056E0E7 /* SkinTypeItem.swift in Sources */,
				802AB2BC2E3753C60006476F /* SendUVIndexNotificationUseCase.swift in Sources */,
				BF9199C92E3405430056E0E7 /* OnboardingStep.swift in Sources */,
				BF9199CA2E3405430056E0E7 /* OnboardingPermissionInfoView.swift in Sources */,
				BF9199CB2E3405430056E0E7 /* OnboardingSkinTypeDetailView.swift in Sources */,
				BF9199CC2E3405430056E0E7 /* OnboardingSkinTypeView.swift in Sources */,
				BF9199CD2E3405430056E0E7 /* OnboardingStartView.swift in Sources */,
				BF9199CE2E3405430056E0E7 /* OnboardingWatchCheckView.swift in Sources */,
				BF9199CF2E3405430056E0E7 /* OnboardingViewModel.swift in Sources */,
				BF55DBFE2E38F21200074104 /* SunscreenInfoModel.swift in Sources */,
				BF919A742E34C25A0056E0E7 /* WeatherManagerError.swift in Sources */,
				BF9199D02E3405430056E0E7 /* OnboardingView.swift in Sources */,
				BF9199D12E3405430056E0E7 /* RootView.swift in Sources */,
				BF55D7032E353BA500074104 /* CalculateAndSaveUVDoseUseCase.swift in Sources */,
				BF55D7042E353BA500074104 /* SyncUVDataFromHealthKitUseCase.swift in Sources */,
				BF9199D22E3405430056E0E7 /* PermissionRow.swift in Sources */,
				BF9199D32E3405430056E0E7 /* UserInfoRow.swift in Sources */,
				BF9199D42E3405430056E0E7 /* SettingView.swift in Sources */,
				BF9199D52E3405430056E0E7 /* SettingViewModel.swift in Sources */,
				BF9199D62E3405430056E0E7 /* HealthKitTestView.swift in Sources */,
				BF9199D72E3405430056E0E7 /* HealthKitTestViewModel.swift in Sources */,
				BF9199D82E3405430056E0E7 /* LocationView.swift in Sources */,
				BF9199D92E3405430056E0E7 /* LocationViewModel.swift in Sources */,
				BF9199DA2E3405430056E0E7 /* TestLocationView.swift in Sources */,
				BF9199DB2E3405430056E0E7 /* TestLocationViewModel.swift in Sources */,
				BF9199DE2E3405430056E0E7 /* NotificationAuthTestView.swift in Sources */,
				BF9199DF2E3405430056E0E7 /* NotificationAuthTestViewModel.swift in Sources */,
				BF9199E02E3405430056E0E7 /* PhoneSyncTestView.swift in Sources */,
				BF9199E12E3405430056E0E7 /* TimerView.swift in Sources */,
				BF9199F12E3405430056E0E7 /* ScheduleSunscreenReminderUseCase.swift in Sources */,
				BF9199F22E3405430056E0E7 /* SendUVWarningNotificationUseCase.swift in Sources */,
				BF9199F32E3405430056E0E7 /* RequestAllPermissionsUseCase.swift in Sources */,
				BF55D7002E35345C00074104 /* UpdateUserProfileUseCase.swift in Sources */,
				BF9199F42E3405430056E0E7 /* ValidatePermissionStatusUseCase.swift in Sources */,
				BF9199F62E3405430056E0E7 /* SyncTimerStateUseCase.swift in Sources */,
				BF9199FA2E3405430056E0E7 /* GetTodayUVExposureUseCase.swift in Sources */,
				BF919A2A2E34096C0056E0E7 /* UserDefaultManager.swift in Sources */,
				BF9199FB2E3405430056E0E7 /* GetWeeklyUVTrendUseCase.swift in Sources */,
				BF9199FC2E3405430056E0E7 /* MEDCalculator.swift in Sources */,
				BF9199FF2E3405430056E0E7 /* NotificationActionType.swift in Sources */,
				BF919A002E3405430056E0E7 /* LocalNotificationError.swift in Sources */,
				BF919A012E3405430056E0E7 /* LocalNotificationManager.swift in Sources */,
				BF919A022E3405430056E0E7 /* NotificationCategoryType.swift in Sources */,
				BF919A032E3405430056E0E7 /* NotificationContentType.swift in Sources */,
				BF919A042E3405430056E0E7 /* NotificationScheduler.swift in Sources */,
				BF919A052E3405430056E0E7 /* TimeInterval+String.swift in Sources */,
				BF919A062E3405430056E0E7 /* TimerNotificationManager.swift in Sources */,
				BF919A072E3405430056E0E7 /* TimerSyncManager.swift in Sources */,
				BF919A082E3405430056E0E7 /* TimerState.swift in Sources */,
				BF919A092E3405430056E0E7 /* TimerInfo.swift in Sources */,
				BF919A0A2E3405430056E0E7 /* TimerMessage.swift in Sources */,
				BF919A0B2E3405430056E0E7 /* TimerStorage.swift in Sources */,
				BF919A0C2E3405430056E0E7 /* SunscreenViewModel.swift in Sources */,
				BF55DA0C2E3716AA00074104 /* MainView.swift in Sources */,
				BF919A0D2E3405430056E0E7 /* TimerViewModel.swift in Sources */,
				BF919A0E2E3405430056E0E7 /* WatchConnectivityManager.swift in Sources */,
			);
			runOnlyForDeploymentPostprocessing = 0;
		};
		8080F1462E20A0180094719D /* Sources */ = {
			isa = PBXSourcesBuildPhase;
			buildActionMask = 2147483647;
			files = (
				BF919A122E3405430056E0E7 /* TimerMessage.swift in Sources */,
				BF28E1C92E39C4C800D089C9 /* TimerSPFManager.swift in Sources */,
				BF919A142E3405430056E0E7 /* NotificationActionType.swift in Sources */,
				BF919A152E3405430056E0E7 /* TimerViewModel.swift in Sources */,
				BF919A162E3405430056E0E7 /* TimerInfo.swift in Sources */,
				BF919A172E3405430056E0E7 /* TimerNotificationManager.swift in Sources */,
				BF919A182E3405430056E0E7 /* LocalNotificationManager.swift in Sources */,
				BF919A192E3405430056E0E7 /* NotificationCategoryType.swift in Sources */,
				BF919A1A2E3405430056E0E7 /* NotificationContentType.swift in Sources */,
				0507B56B2E37E066000E119C /* WatchConnectivityManager.swift in Sources */,
				BF919A1B2E3405430056E0E7 /* TimerState.swift in Sources */,
				BF919A1C2E3405430056E0E7 /* TimerStorage.swift in Sources */,
				BF919A1D2E3405430056E0E7 /* SunscreenViewModel.swift in Sources */,
				BF919A1E2E3405430056E0E7 /* TimerSyncManager.swift in Sources */,
				BF919A1F2E3405430056E0E7 /* LocalNotificationError.swift in Sources */,
				BF919A202E3405430056E0E7 /* NotificationScheduler.swift in Sources */,
				BF919A212E3405430056E0E7 /* TimeInterval+String.swift in Sources */,
			);
			runOnlyForDeploymentPostprocessing = 0;
		};
/* End PBXSourcesBuildPhase section */

/* Begin PBXTargetDependency section */
		8080F1562E20A0190094719D /* PBXTargetDependency */ = {
			isa = PBXTargetDependency;
			target = 8080F1492E20A0180094719D /* TarTanningWatch Watch App */;
			targetProxy = 8080F1552E20A0190094719D /* PBXContainerItemProxy */;
		};
/* End PBXTargetDependency section */

/* Begin XCBuildConfiguration section */
		8080F1382E209F870094719D /* Debug */ = {
			isa = XCBuildConfiguration;
			buildSettings = {
				ALWAYS_SEARCH_USER_PATHS = NO;
				ASSETCATALOG_COMPILER_GENERATE_SWIFT_ASSET_SYMBOL_EXTENSIONS = YES;
				CLANG_ANALYZER_NONNULL = YES;
				CLANG_ANALYZER_NUMBER_OBJECT_CONVERSION = YES_AGGRESSIVE;
				CLANG_CXX_LANGUAGE_STANDARD = "gnu++20";
				CLANG_ENABLE_MODULES = YES;
				CLANG_ENABLE_OBJC_ARC = YES;
				CLANG_ENABLE_OBJC_WEAK = YES;
				CLANG_WARN_BLOCK_CAPTURE_AUTORELEASING = YES;
				CLANG_WARN_BOOL_CONVERSION = YES;
				CLANG_WARN_COMMA = YES;
				CLANG_WARN_CONSTANT_CONVERSION = YES;
				CLANG_WARN_DEPRECATED_OBJC_IMPLEMENTATIONS = YES;
				CLANG_WARN_DIRECT_OBJC_ISA_USAGE = YES_ERROR;
				CLANG_WARN_DOCUMENTATION_COMMENTS = YES;
				CLANG_WARN_EMPTY_BODY = YES;
				CLANG_WARN_ENUM_CONVERSION = YES;
				CLANG_WARN_INFINITE_RECURSION = YES;
				CLANG_WARN_INT_CONVERSION = YES;
				CLANG_WARN_NON_LITERAL_NULL_CONVERSION = YES;
				CLANG_WARN_OBJC_IMPLICIT_RETAIN_SELF = YES;
				CLANG_WARN_OBJC_LITERAL_CONVERSION = YES;
				CLANG_WARN_OBJC_ROOT_CLASS = YES_ERROR;
				CLANG_WARN_QUOTED_INCLUDE_IN_FRAMEWORK_HEADER = YES;
				CLANG_WARN_RANGE_LOOP_ANALYSIS = YES;
				CLANG_WARN_STRICT_PROTOTYPES = YES;
				CLANG_WARN_SUSPICIOUS_MOVE = YES;
				CLANG_WARN_UNGUARDED_AVAILABILITY = YES_AGGRESSIVE;
				CLANG_WARN_UNREACHABLE_CODE = YES;
				CLANG_WARN__DUPLICATE_METHOD_MATCH = YES;
				COPY_PHASE_STRIP = NO;
				DEBUG_INFORMATION_FORMAT = dwarf;
				ENABLE_STRICT_OBJC_MSGSEND = YES;
				ENABLE_TESTABILITY = YES;
				ENABLE_USER_SCRIPT_SANDBOXING = YES;
				GCC_C_LANGUAGE_STANDARD = gnu17;
				GCC_DYNAMIC_NO_PIC = NO;
				GCC_NO_COMMON_BLOCKS = YES;
				GCC_OPTIMIZATION_LEVEL = 0;
				GCC_PREPROCESSOR_DEFINITIONS = (
					"DEBUG=1",
					"$(inherited)",
				);
				GCC_WARN_64_TO_32_BIT_CONVERSION = YES;
				GCC_WARN_ABOUT_RETURN_TYPE = YES_ERROR;
				GCC_WARN_UNDECLARED_SELECTOR = YES;
				GCC_WARN_UNINITIALIZED_AUTOS = YES_AGGRESSIVE;
				GCC_WARN_UNUSED_FUNCTION = YES;
				GCC_WARN_UNUSED_VARIABLE = YES;
				IPHONEOS_DEPLOYMENT_TARGET = 18.2;
				LOCALIZATION_PREFERS_STRING_CATALOGS = YES;
				MTL_ENABLE_DEBUG_INFO = INCLUDE_SOURCE;
				MTL_FAST_MATH = YES;
				ONLY_ACTIVE_ARCH = YES;
				SDKROOT = iphoneos;
				SWIFT_ACTIVE_COMPILATION_CONDITIONS = "DEBUG $(inherited)";
				SWIFT_OPTIMIZATION_LEVEL = "-Onone";
			};
			name = Debug;
		};
		8080F1392E209F870094719D /* Release */ = {
			isa = XCBuildConfiguration;
			buildSettings = {
				ALWAYS_SEARCH_USER_PATHS = NO;
				ASSETCATALOG_COMPILER_GENERATE_SWIFT_ASSET_SYMBOL_EXTENSIONS = YES;
				CLANG_ANALYZER_NONNULL = YES;
				CLANG_ANALYZER_NUMBER_OBJECT_CONVERSION = YES_AGGRESSIVE;
				CLANG_CXX_LANGUAGE_STANDARD = "gnu++20";
				CLANG_ENABLE_MODULES = YES;
				CLANG_ENABLE_OBJC_ARC = YES;
				CLANG_ENABLE_OBJC_WEAK = YES;
				CLANG_WARN_BLOCK_CAPTURE_AUTORELEASING = YES;
				CLANG_WARN_BOOL_CONVERSION = YES;
				CLANG_WARN_COMMA = YES;
				CLANG_WARN_CONSTANT_CONVERSION = YES;
				CLANG_WARN_DEPRECATED_OBJC_IMPLEMENTATIONS = YES;
				CLANG_WARN_DIRECT_OBJC_ISA_USAGE = YES_ERROR;
				CLANG_WARN_DOCUMENTATION_COMMENTS = YES;
				CLANG_WARN_EMPTY_BODY = YES;
				CLANG_WARN_ENUM_CONVERSION = YES;
				CLANG_WARN_INFINITE_RECURSION = YES;
				CLANG_WARN_INT_CONVERSION = YES;
				CLANG_WARN_NON_LITERAL_NULL_CONVERSION = YES;
				CLANG_WARN_OBJC_IMPLICIT_RETAIN_SELF = YES;
				CLANG_WARN_OBJC_LITERAL_CONVERSION = YES;
				CLANG_WARN_OBJC_ROOT_CLASS = YES_ERROR;
				CLANG_WARN_QUOTED_INCLUDE_IN_FRAMEWORK_HEADER = YES;
				CLANG_WARN_RANGE_LOOP_ANALYSIS = YES;
				CLANG_WARN_STRICT_PROTOTYPES = YES;
				CLANG_WARN_SUSPICIOUS_MOVE = YES;
				CLANG_WARN_UNGUARDED_AVAILABILITY = YES_AGGRESSIVE;
				CLANG_WARN_UNREACHABLE_CODE = YES;
				CLANG_WARN__DUPLICATE_METHOD_MATCH = YES;
				COPY_PHASE_STRIP = NO;
				DEBUG_INFORMATION_FORMAT = "dwarf-with-dsym";
				ENABLE_NS_ASSERTIONS = NO;
				ENABLE_STRICT_OBJC_MSGSEND = YES;
				ENABLE_USER_SCRIPT_SANDBOXING = YES;
				GCC_C_LANGUAGE_STANDARD = gnu17;
				GCC_NO_COMMON_BLOCKS = YES;
				GCC_WARN_64_TO_32_BIT_CONVERSION = YES;
				GCC_WARN_ABOUT_RETURN_TYPE = YES_ERROR;
				GCC_WARN_UNDECLARED_SELECTOR = YES;
				GCC_WARN_UNINITIALIZED_AUTOS = YES_AGGRESSIVE;
				GCC_WARN_UNUSED_FUNCTION = YES;
				GCC_WARN_UNUSED_VARIABLE = YES;
				IPHONEOS_DEPLOYMENT_TARGET = 18.2;
				LOCALIZATION_PREFERS_STRING_CATALOGS = YES;
				MTL_ENABLE_DEBUG_INFO = NO;
				MTL_FAST_MATH = YES;
				SDKROOT = iphoneos;
				SWIFT_COMPILATION_MODE = wholemodule;
				VALIDATE_PRODUCT = YES;
			};
			name = Release;
		};
		8080F13B2E209F870094719D /* Debug */ = {
			isa = XCBuildConfiguration;
			buildSettings = {
				ASSETCATALOG_COMPILER_APPICON_NAME = AppIcon;
				ASSETCATALOG_COMPILER_GLOBAL_ACCENT_COLOR_NAME = AccentColor;
				CODE_SIGN_ENTITLEMENTS = TarTanning/TarTanning.entitlements;
				CODE_SIGN_IDENTITY = "Apple Development";
				"CODE_SIGN_IDENTITY[sdk=iphoneos*]" = "iPhone Developer";
				CODE_SIGN_STYLE = Manual;
				CURRENT_PROJECT_VERSION = 1;
				DEVELOPMENT_ASSET_PATHS = "\"TarTanning/Preview Content\"";
				DEVELOPMENT_TEAM = "";
				"DEVELOPMENT_TEAM[sdk=iphoneos*]" = N4RL7GZL3B;
				ENABLE_PREVIEWS = YES;
				ENABLE_USER_SCRIPT_SANDBOXING = NO;
				GENERATE_INFOPLIST_FILE = YES;
				INFOPLIST_FILE = TarTanning/Info.plist;
				INFOPLIST_KEY_CFBundleDisplayName = "그만해";
				INFOPLIST_KEY_LSApplicationCategoryType = "public.app-category.healthcare-fitness";
				INFOPLIST_KEY_NSHealthShareUsageDescription = "오늘의 자외선 노출량을 확인하고 일광량 데이터를 분석하기 위해 건강 앱의 일광 노출 정보를 읽어옵니다.";
				INFOPLIST_KEY_NSLocationWhenInUseUsageDescription = "현재 위치를 기반으로 자외선 지수를 계산해, 햇빛 노출에 대한 맞춤형 정보를 제공하기 위해 위치 정보가 필요합니다.";
				INFOPLIST_KEY_UIApplicationSceneManifest_Generation = YES;
				INFOPLIST_KEY_UIApplicationSupportsIndirectInputEvents = YES;
				INFOPLIST_KEY_UILaunchScreen_Generation = YES;
				INFOPLIST_KEY_UISupportedInterfaceOrientations_iPad = "UIInterfaceOrientationPortrait UIInterfaceOrientationPortraitUpsideDown UIInterfaceOrientationLandscapeLeft UIInterfaceOrientationLandscapeRight";
				INFOPLIST_KEY_UISupportedInterfaceOrientations_iPhone = "UIInterfaceOrientationPortrait UIInterfaceOrientationLandscapeLeft UIInterfaceOrientationLandscapeRight";
				IPHONEOS_DEPLOYMENT_TARGET = 17;
				LD_RUNPATH_SEARCH_PATHS = (
					"$(inherited)",
					"@executable_path/Frameworks",
				);
				MARKETING_VERSION = 1.0;
				PRODUCT_BUNDLE_IDENTIFIER = com.xcodeblue.TarTanning.app;
				PRODUCT_NAME = "$(TARGET_NAME)";
				PROVISIONING_PROFILE_SPECIFIER = "";
				"PROVISIONING_PROFILE_SPECIFIER[sdk=iphoneos*]" = "TarTanning iOS";
				SUPPORTED_PLATFORMS = "iphoneos iphonesimulator";
				SUPPORTS_MACCATALYST = NO;
				SUPPORTS_XR_DESIGNED_FOR_IPHONE_IPAD = NO;
				SWIFT_EMIT_LOC_STRINGS = YES;
				SWIFT_VERSION = 5.0;
				TARGETED_DEVICE_FAMILY = "1,2";
			};
			name = Debug;
		};
		8080F13C2E209F870094719D /* Release */ = {
			isa = XCBuildConfiguration;
			buildSettings = {
				ASSETCATALOG_COMPILER_APPICON_NAME = AppIcon;
				ASSETCATALOG_COMPILER_GLOBAL_ACCENT_COLOR_NAME = AccentColor;
				CODE_SIGN_ENTITLEMENTS = TarTanning/TarTanning.entitlements;
				CODE_SIGN_IDENTITY = "Apple Development";
				"CODE_SIGN_IDENTITY[sdk=iphoneos*]" = "iPhone Developer";
				CODE_SIGN_STYLE = Manual;
				CURRENT_PROJECT_VERSION = 1;
				DEVELOPMENT_ASSET_PATHS = "\"TarTanning/Preview Content\"";
				DEVELOPMENT_TEAM = "";
				"DEVELOPMENT_TEAM[sdk=iphoneos*]" = N4RL7GZL3B;
				ENABLE_PREVIEWS = YES;
				ENABLE_USER_SCRIPT_SANDBOXING = NO;
				GENERATE_INFOPLIST_FILE = YES;
				INFOPLIST_FILE = TarTanning/Info.plist;
				INFOPLIST_KEY_CFBundleDisplayName = "그만해";
				INFOPLIST_KEY_LSApplicationCategoryType = "public.app-category.healthcare-fitness";
				INFOPLIST_KEY_NSHealthShareUsageDescription = "오늘의 자외선 노출량을 확인하고 일광량 데이터를 분석하기 위해 건강 앱의 일광 노출 정보를 읽어옵니다.";
				INFOPLIST_KEY_NSLocationWhenInUseUsageDescription = "현재 위치를 기반으로 자외선 지수를 계산해, 햇빛 노출에 대한 맞춤형 정보를 제공하기 위해 위치 정보가 필요합니다.";
				INFOPLIST_KEY_UIApplicationSceneManifest_Generation = YES;
				INFOPLIST_KEY_UIApplicationSupportsIndirectInputEvents = YES;
				INFOPLIST_KEY_UILaunchScreen_Generation = YES;
				INFOPLIST_KEY_UISupportedInterfaceOrientations_iPad = "UIInterfaceOrientationPortrait UIInterfaceOrientationPortraitUpsideDown UIInterfaceOrientationLandscapeLeft UIInterfaceOrientationLandscapeRight";
				INFOPLIST_KEY_UISupportedInterfaceOrientations_iPhone = "UIInterfaceOrientationPortrait UIInterfaceOrientationLandscapeLeft UIInterfaceOrientationLandscapeRight";
				IPHONEOS_DEPLOYMENT_TARGET = 17;
				LD_RUNPATH_SEARCH_PATHS = (
					"$(inherited)",
					"@executable_path/Frameworks",
				);
				MARKETING_VERSION = 1.0;
				PRODUCT_BUNDLE_IDENTIFIER = com.xcodeblue.TarTanning.app;
				PRODUCT_NAME = "$(TARGET_NAME)";
				PROVISIONING_PROFILE_SPECIFIER = "";
				"PROVISIONING_PROFILE_SPECIFIER[sdk=iphoneos*]" = "TarTanning iOS";
				SUPPORTED_PLATFORMS = "iphoneos iphonesimulator";
				SUPPORTS_MACCATALYST = NO;
				SUPPORTS_XR_DESIGNED_FOR_IPHONE_IPAD = NO;
				SWIFT_EMIT_LOC_STRINGS = YES;
				SWIFT_VERSION = 5.0;
				TARGETED_DEVICE_FAMILY = "1,2";
			};
			name = Release;
		};
		8080F1592E20A0190094719D /* Debug */ = {
			isa = XCBuildConfiguration;
			buildSettings = {
				ASSETCATALOG_COMPILER_APPICON_NAME = AppIcon;
				ASSETCATALOG_COMPILER_GLOBAL_ACCENT_COLOR_NAME = AccentColor;
				CODE_SIGN_ENTITLEMENTS = "TarTanningWatch Watch App/TarTanningWatch Watch App.entitlements";
				CODE_SIGN_IDENTITY = "Apple Development";
				"CODE_SIGN_IDENTITY[sdk=watchos*]" = "iPhone Developer";
				CODE_SIGN_STYLE = Manual;
				CURRENT_PROJECT_VERSION = 1;
				DEVELOPMENT_ASSET_PATHS = "\"TarTanningWatch Watch App/Preview Content\"";
				DEVELOPMENT_TEAM = "";
				"DEVELOPMENT_TEAM[sdk=watchos*]" = N4RL7GZL3B;
				ENABLE_PREVIEWS = YES;
				ENABLE_USER_SCRIPT_SANDBOXING = NO;
				GENERATE_INFOPLIST_FILE = YES;
				INFOPLIST_KEY_CFBundleDisplayName = "그만해";
				INFOPLIST_KEY_UISupportedInterfaceOrientations = "UIInterfaceOrientationPortrait UIInterfaceOrientationPortraitUpsideDown";
				INFOPLIST_KEY_WKCompanionAppBundleIdentifier = com.xcodeblue.TarTanning.app;
				LD_RUNPATH_SEARCH_PATHS = (
					"$(inherited)",
					"@executable_path/Frameworks",
				);
				MARKETING_VERSION = 1.0;
				PRODUCT_BUNDLE_IDENTIFIER = com.xcodeblue.TarTanning.app.watchapp;
				PRODUCT_NAME = "$(TARGET_NAME)";
				PROVISIONING_PROFILE_SPECIFIER = "";
				"PROVISIONING_PROFILE_SPECIFIER[sdk=watchos*]" = "TarTanning WatchOS";
				SDKROOT = watchos;
				SKIP_INSTALL = YES;
				SWIFT_EMIT_LOC_STRINGS = YES;
				SWIFT_VERSION = 5.0;
				TARGETED_DEVICE_FAMILY = 4;
				WATCHOS_DEPLOYMENT_TARGET = 10;
			};
			name = Debug;
		};
		8080F15A2E20A0190094719D /* Release */ = {
			isa = XCBuildConfiguration;
			buildSettings = {
				ASSETCATALOG_COMPILER_APPICON_NAME = AppIcon;
				ASSETCATALOG_COMPILER_GLOBAL_ACCENT_COLOR_NAME = AccentColor;
				CODE_SIGN_ENTITLEMENTS = "TarTanningWatch Watch App/TarTanningWatch Watch App.entitlements";
				CODE_SIGN_IDENTITY = "Apple Development";
				"CODE_SIGN_IDENTITY[sdk=watchos*]" = "iPhone Developer";
				CODE_SIGN_STYLE = Manual;
				CURRENT_PROJECT_VERSION = 1;
				DEVELOPMENT_ASSET_PATHS = "\"TarTanningWatch Watch App/Preview Content\"";
				DEVELOPMENT_TEAM = "";
				"DEVELOPMENT_TEAM[sdk=watchos*]" = N4RL7GZL3B;
				ENABLE_PREVIEWS = YES;
				ENABLE_USER_SCRIPT_SANDBOXING = NO;
				GENERATE_INFOPLIST_FILE = YES;
				INFOPLIST_KEY_CFBundleDisplayName = "그만해";
				INFOPLIST_KEY_UISupportedInterfaceOrientations = "UIInterfaceOrientationPortrait UIInterfaceOrientationPortraitUpsideDown";
				INFOPLIST_KEY_WKCompanionAppBundleIdentifier = com.xcodeblue.TarTanning.app;
				LD_RUNPATH_SEARCH_PATHS = (
					"$(inherited)",
					"@executable_path/Frameworks",
				);
				MARKETING_VERSION = 1.0;
				PRODUCT_BUNDLE_IDENTIFIER = com.xcodeblue.TarTanning.app.watchapp;
				PRODUCT_NAME = "$(TARGET_NAME)";
				PROVISIONING_PROFILE_SPECIFIER = "";
				"PROVISIONING_PROFILE_SPECIFIER[sdk=watchos*]" = "TarTanning WatchOS";
				SDKROOT = watchos;
				SKIP_INSTALL = YES;
				SWIFT_EMIT_LOC_STRINGS = YES;
				SWIFT_VERSION = 5.0;
				TARGETED_DEVICE_FAMILY = 4;
				WATCHOS_DEPLOYMENT_TARGET = 10;
			};
			name = Release;
		};
/* End XCBuildConfiguration section */

/* Begin XCConfigurationList section */
		8080F1272E209F860094719D /* Build configuration list for PBXProject "TarTanning" */ = {
			isa = XCConfigurationList;
			buildConfigurations = (
				8080F1382E209F870094719D /* Debug */,
				8080F1392E209F870094719D /* Release */,
			);
			defaultConfigurationIsVisible = 0;
			defaultConfigurationName = Release;
		};
		8080F13A2E209F870094719D /* Build configuration list for PBXNativeTarget "TarTanning" */ = {
			isa = XCConfigurationList;
			buildConfigurations = (
				8080F13B2E209F870094719D /* Debug */,
				8080F13C2E209F870094719D /* Release */,
			);
			defaultConfigurationIsVisible = 0;
			defaultConfigurationName = Release;
		};
		8080F15B2E20A0190094719D /* Build configuration list for PBXNativeTarget "TarTanningWatch Watch App" */ = {
			isa = XCConfigurationList;
			buildConfigurations = (
				8080F1592E20A0190094719D /* Debug */,
				8080F15A2E20A0190094719D /* Release */,
			);
			defaultConfigurationIsVisible = 0;
			defaultConfigurationName = Release;
		};
/* End XCConfigurationList section */
	};
	rootObject = 8080F1242E209F860094719D /* Project object */;
}
